// !$*UTF8*$!
{
	archiveVersion = 1;
	classes = {
	};
	objectVersion = 46;
	objects = {

/* Begin PBXBuildFile section */
		0F4693548C561C4CA589F954 /* Pods_Frameworks_DGFrameworkTemplate_watchOS.framework in Frameworks */ = {isa = PBXBuildFile; fileRef = 2CCF393177F6409E026FE4CE /* Pods_Frameworks_DGFrameworkTemplate_watchOS.framework */; };
		352F8E02629FE8F0B93D657D /* Pods_Tests_DGFrameworkTemplateTests_tvOS.framework in Frameworks */ = {isa = PBXBuildFile; fileRef = 1D22C66650C0EAD00C5F223D /* Pods_Tests_DGFrameworkTemplateTests_tvOS.framework */; };
		68000714EB04FE12144495AC /* Pods_Tests_DGFrameworkTemplateTests_OSX.framework in Frameworks */ = {isa = PBXBuildFile; fileRef = 2490F3AD368BDE4C67BD69BD /* Pods_Tests_DGFrameworkTemplateTests_OSX.framework */; };
		88767D1BDF119333B2969F6B /* Pods_Frameworks_DGFrameworkTemplate_OSX.framework in Frameworks */ = {isa = PBXBuildFile; fileRef = 1F3A573CBDD2737F8B259724 /* Pods_Frameworks_DGFrameworkTemplate_OSX.framework */; };
		9C037F3F63588F2D4D9E5F44 /* Pods_Frameworks_DGFrameworkTemplate_tvOS.framework in Frameworks */ = {isa = PBXBuildFile; fileRef = AB48CB187F54CDB76B300FC4 /* Pods_Frameworks_DGFrameworkTemplate_tvOS.framework */; };
		A3169DBA1DE05E8300BABAFD /* DGFrameworkTemplate.framework in Frameworks */ = {isa = PBXBuildFile; fileRef = A3169DB01DE05E8300BABAFD /* DGFrameworkTemplate.framework */; };
		A3169DD61DE0631900BABAFD /* TemplateClass.swift in Sources */ = {isa = PBXBuildFile; fileRef = A3169DD41DE0631900BABAFD /* TemplateClass.swift */; };
		A3169DE81DE06FD100BABAFD /* TemplateClass.swift in Sources */ = {isa = PBXBuildFile; fileRef = A3169DD41DE0631900BABAFD /* TemplateClass.swift */; };
		A3169DF81DE0718900BABAFD /* DGFrameworkTemplate.framework in Frameworks */ = {isa = PBXBuildFile; fileRef = A3169DEF1DE0718900BABAFD /* DGFrameworkTemplate.framework */; };
		A3169E151DE072C800BABAFD /* DGFrameworkTemplate.framework in Frameworks */ = {isa = PBXBuildFile; fileRef = A3169E0C1DE072C700BABAFD /* DGFrameworkTemplate.framework */; };
		A3169E761DE083D900BABAFD /* DGFrameworkTemplate.h in Headers */ = {isa = PBXBuildFile; fileRef = A3169E751DE083D900BABAFD /* DGFrameworkTemplate.h */; settings = {ATTRIBUTES = (Public, ); }; };
		A3169E771DE083D900BABAFD /* DGFrameworkTemplate.h in Headers */ = {isa = PBXBuildFile; fileRef = A3169E751DE083D900BABAFD /* DGFrameworkTemplate.h */; settings = {ATTRIBUTES = (Public, ); }; };
		A3169E781DE083D900BABAFD /* DGFrameworkTemplate.h in Headers */ = {isa = PBXBuildFile; fileRef = A3169E751DE083D900BABAFD /* DGFrameworkTemplate.h */; settings = {ATTRIBUTES = (Public, ); }; };
		A3169E791DE083D900BABAFD /* DGFrameworkTemplate.h in Headers */ = {isa = PBXBuildFile; fileRef = A3169E751DE083D900BABAFD /* DGFrameworkTemplate.h */; settings = {ATTRIBUTES = (Public, ); }; };
		A38EF2CA1DECF97000637484 /* DGFrameworkTemplateTests.swift in Sources */ = {isa = PBXBuildFile; fileRef = A38EF2C71DECF97000637484 /* DGFrameworkTemplateTests.swift */; };
		A38EF2CB1DECF97000637484 /* DGFrameworkTemplateTests.swift in Sources */ = {isa = PBXBuildFile; fileRef = A38EF2C71DECF97000637484 /* DGFrameworkTemplateTests.swift */; };
		A38EF2CC1DECF97000637484 /* DGFrameworkTemplateTests.swift in Sources */ = {isa = PBXBuildFile; fileRef = A38EF2C71DECF97000637484 /* DGFrameworkTemplateTests.swift */; };
		A3EAC50C1DE5FCBA00E4AA5E /* TemplateClass.swift in Sources */ = {isa = PBXBuildFile; fileRef = A3169DD41DE0631900BABAFD /* TemplateClass.swift */; };
		A3EAC50D1DE5FCBB00E4AA5E /* TemplateClass.swift in Sources */ = {isa = PBXBuildFile; fileRef = A3169DD41DE0631900BABAFD /* TemplateClass.swift */; };
		D3B1029A523BCB0FD5FB4B3C /* Pods_Tests_DGFrameworkTemplateTests_iOS.framework in Frameworks */ = {isa = PBXBuildFile; fileRef = FE60028764ED4CF3D145870D /* Pods_Tests_DGFrameworkTemplateTests_iOS.framework */; };
		F860DB1B689E3A2137B1FA0A /* Pods_Frameworks_DGFrameworkTemplate_iOS.framework in Frameworks */ = {isa = PBXBuildFile; fileRef = 4A180F0BFFE100DA1971D335 /* Pods_Frameworks_DGFrameworkTemplate_iOS.framework */; };
/* End PBXBuildFile section */

/* Begin PBXContainerItemProxy section */
		A3169DBB1DE05E8300BABAFD /* PBXContainerItemProxy */ = {
			isa = PBXContainerItemProxy;
			containerPortal = A3169DA71DE05E8300BABAFD /* Project object */;
			proxyType = 1;
			remoteGlobalIDString = A3169DAF1DE05E8300BABAFD;
			remoteInfo = DGFrameworkTemplate;
		};
		A3169DF91DE0718900BABAFD /* PBXContainerItemProxy */ = {
			isa = PBXContainerItemProxy;
			containerPortal = A3169DA71DE05E8300BABAFD /* Project object */;
			proxyType = 1;
			remoteGlobalIDString = A3169DEE1DE0718900BABAFD;
			remoteInfo = DGFrameworkTemplate;
		};
		A3169E161DE072C800BABAFD /* PBXContainerItemProxy */ = {
			isa = PBXContainerItemProxy;
			containerPortal = A3169DA71DE05E8300BABAFD /* Project object */;
			proxyType = 1;
			remoteGlobalIDString = A3169E0B1DE072C700BABAFD;
			remoteInfo = DGFrameworkTemplate;
		};
/* End PBXContainerItemProxy section */

/* Begin PBXFileReference section */
		0264F3297A81061FFEF491EA /* Pods-DGFrameworkTemplate-DGFrameworkTemplateTests-DGFrameworkTemplateTests-tvOS.debug.xcconfig */ = {isa = PBXFileReference; includeInIndex = 1; lastKnownFileType = text.xcconfig; name = "Pods-DGFrameworkTemplate-DGFrameworkTemplateTests-DGFrameworkTemplateTests-tvOS.debug.xcconfig"; path = "Pods/Target Support Files/Pods-DGFrameworkTemplate-DGFrameworkTemplateTests-DGFrameworkTemplateTests-tvOS/Pods-DGFrameworkTemplate-DGFrameworkTemplateTests-DGFrameworkTemplateTests-tvOS.debug.xcconfig"; sourceTree = "<group>"; };
		0484FE3ECB5C5B87407ABF2F /* Pods_DGFrameworkTemplate_DGFrameworkTemplate_iOS.framework */ = {isa = PBXFileReference; explicitFileType = wrapper.framework; includeInIndex = 0; path = Pods_DGFrameworkTemplate_DGFrameworkTemplate_iOS.framework; sourceTree = BUILT_PRODUCTS_DIR; };
		06096CD81FE6581D44C7545C /* Pods-Framework-DGFrameworkTemplate-tvOS.debug.xcconfig */ = {isa = PBXFileReference; includeInIndex = 1; lastKnownFileType = text.xcconfig; name = "Pods-Framework-DGFrameworkTemplate-tvOS.debug.xcconfig"; path = "Pods/Target Support Files/Pods-Framework-DGFrameworkTemplate-tvOS/Pods-Framework-DGFrameworkTemplate-tvOS.debug.xcconfig"; sourceTree = "<group>"; };
		0EDFB920B5B443552018769A /* Pods-DGFrameworkTemplate-DGFrameworkTemplateTests-DGFrameworkTemplateTests-tvOS.release.xcconfig */ = {isa = PBXFileReference; includeInIndex = 1; lastKnownFileType = text.xcconfig; name = "Pods-DGFrameworkTemplate-DGFrameworkTemplateTests-DGFrameworkTemplateTests-tvOS.release.xcconfig"; path = "Pods/Target Support Files/Pods-DGFrameworkTemplate-DGFrameworkTemplateTests-DGFrameworkTemplateTests-tvOS/Pods-DGFrameworkTemplate-DGFrameworkTemplateTests-DGFrameworkTemplateTests-tvOS.release.xcconfig"; sourceTree = "<group>"; };
		11BF61C70530EAC9576ABAC4 /* Pods-DGFrameworkTemplate-DGFrameworkTemplateTests-DGFrameworkTemplateTests-OSX.release.xcconfig */ = {isa = PBXFileReference; includeInIndex = 1; lastKnownFileType = text.xcconfig; name = "Pods-DGFrameworkTemplate-DGFrameworkTemplateTests-DGFrameworkTemplateTests-OSX.release.xcconfig"; path = "Pods/Target Support Files/Pods-DGFrameworkTemplate-DGFrameworkTemplateTests-DGFrameworkTemplateTests-OSX/Pods-DGFrameworkTemplate-DGFrameworkTemplateTests-DGFrameworkTemplateTests-OSX.release.xcconfig"; sourceTree = "<group>"; };
		14E938AE7A9E60C8AF33C59B /* Pods-Frameworks-DGFrameworkTemplate-tvOS.debug.xcconfig */ = {isa = PBXFileReference; includeInIndex = 1; lastKnownFileType = text.xcconfig; name = "Pods-Frameworks-DGFrameworkTemplate-tvOS.debug.xcconfig"; path = "Pods/Target Support Files/Pods-Frameworks-DGFrameworkTemplate-tvOS/Pods-Frameworks-DGFrameworkTemplate-tvOS.debug.xcconfig"; sourceTree = "<group>"; };
		18F7939B36FDA0910AA59B34 /* Pods-Frameworks-DGFrameworkTemplate-watchOS.release.xcconfig */ = {isa = PBXFileReference; includeInIndex = 1; lastKnownFileType = text.xcconfig; name = "Pods-Frameworks-DGFrameworkTemplate-watchOS.release.xcconfig"; path = "Pods/Target Support Files/Pods-Frameworks-DGFrameworkTemplate-watchOS/Pods-Frameworks-DGFrameworkTemplate-watchOS.release.xcconfig"; sourceTree = "<group>"; };
		1D22C66650C0EAD00C5F223D /* Pods_Tests_DGFrameworkTemplateTests_tvOS.framework */ = {isa = PBXFileReference; explicitFileType = wrapper.framework; includeInIndex = 0; path = Pods_Tests_DGFrameworkTemplateTests_tvOS.framework; sourceTree = BUILT_PRODUCTS_DIR; };
		1F3A573CBDD2737F8B259724 /* Pods_Frameworks_DGFrameworkTemplate_OSX.framework */ = {isa = PBXFileReference; explicitFileType = wrapper.framework; includeInIndex = 0; path = Pods_Frameworks_DGFrameworkTemplate_OSX.framework; sourceTree = BUILT_PRODUCTS_DIR; };
		211A41348921FF72C4D8BAD0 /* Pods_DGFrameworkTemplate_DGFrameworkTemplate_watchOS.framework */ = {isa = PBXFileReference; explicitFileType = wrapper.framework; includeInIndex = 0; path = Pods_DGFrameworkTemplate_DGFrameworkTemplate_watchOS.framework; sourceTree = BUILT_PRODUCTS_DIR; };
		2490F3AD368BDE4C67BD69BD /* Pods_Tests_DGFrameworkTemplateTests_OSX.framework */ = {isa = PBXFileReference; explicitFileType = wrapper.framework; includeInIndex = 0; path = Pods_Tests_DGFrameworkTemplateTests_OSX.framework; sourceTree = BUILT_PRODUCTS_DIR; };
		2B167A5B9C9FD8CCB80B9060 /* Pods_Framework_DGFrameworkTemplate_OSX.framework */ = {isa = PBXFileReference; explicitFileType = wrapper.framework; includeInIndex = 0; path = Pods_Framework_DGFrameworkTemplate_OSX.framework; sourceTree = BUILT_PRODUCTS_DIR; };
		2C064E1B66D05C013A3A276F /* Pods-DGFrameworkTemplateTests-DGFrameworkTemplateTests-OSX.debug.xcconfig */ = {isa = PBXFileReference; includeInIndex = 1; lastKnownFileType = text.xcconfig; name = "Pods-DGFrameworkTemplateTests-DGFrameworkTemplateTests-OSX.debug.xcconfig"; path = "Pods/Target Support Files/Pods-DGFrameworkTemplateTests-DGFrameworkTemplateTests-OSX/Pods-DGFrameworkTemplateTests-DGFrameworkTemplateTests-OSX.debug.xcconfig"; sourceTree = "<group>"; };
		2CCF393177F6409E026FE4CE /* Pods_Frameworks_DGFrameworkTemplate_watchOS.framework */ = {isa = PBXFileReference; explicitFileType = wrapper.framework; includeInIndex = 0; path = Pods_Frameworks_DGFrameworkTemplate_watchOS.framework; sourceTree = BUILT_PRODUCTS_DIR; };
		2D7B0C277D4DACF59CC3388C /* Pods-Framework-DGFrameworkTemplate-iOS.debug.xcconfig */ = {isa = PBXFileReference; includeInIndex = 1; lastKnownFileType = text.xcconfig; name = "Pods-Framework-DGFrameworkTemplate-iOS.debug.xcconfig"; path = "Pods/Target Support Files/Pods-Framework-DGFrameworkTemplate-iOS/Pods-Framework-DGFrameworkTemplate-iOS.debug.xcconfig"; sourceTree = "<group>"; };
		2E7E721BCA0EF2D4EC0D39DD /* Pods-DGFrameworkTemplate-DGFrameworkTemplate-iOS.debug.xcconfig */ = {isa = PBXFileReference; includeInIndex = 1; lastKnownFileType = text.xcconfig; name = "Pods-DGFrameworkTemplate-DGFrameworkTemplate-iOS.debug.xcconfig"; path = "Pods/Target Support Files/Pods-DGFrameworkTemplate-DGFrameworkTemplate-iOS/Pods-DGFrameworkTemplate-DGFrameworkTemplate-iOS.debug.xcconfig"; sourceTree = "<group>"; };
		2F23369CB12119CE0B4CFCE3 /* Pods-Frameworks-DGFrameworkTemplate-watchOS.debug.xcconfig */ = {isa = PBXFileReference; includeInIndex = 1; lastKnownFileType = text.xcconfig; name = "Pods-Frameworks-DGFrameworkTemplate-watchOS.debug.xcconfig"; path = "Pods/Target Support Files/Pods-Frameworks-DGFrameworkTemplate-watchOS/Pods-Frameworks-DGFrameworkTemplate-watchOS.debug.xcconfig"; sourceTree = "<group>"; };
		3560547AA282DD83A7B33164 /* Pods_DGFrameworkTemplate_iOS.framework */ = {isa = PBXFileReference; explicitFileType = wrapper.framework; includeInIndex = 0; path = Pods_DGFrameworkTemplate_iOS.framework; sourceTree = BUILT_PRODUCTS_DIR; };
		41A895CD0AD6C1CF5AEE8056 /* Pods-DGFrameworkTemplate-iOS.release.xcconfig */ = {isa = PBXFileReference; includeInIndex = 1; lastKnownFileType = text.xcconfig; name = "Pods-DGFrameworkTemplate-iOS.release.xcconfig"; path = "Pods/Target Support Files/Pods-DGFrameworkTemplate-iOS/Pods-DGFrameworkTemplate-iOS.release.xcconfig"; sourceTree = "<group>"; };
		41F127338C7A850CD2EEF4F5 /* Pods-Tests-DGFrameworkTemplateTests-iOS.release.xcconfig */ = {isa = PBXFileReference; includeInIndex = 1; lastKnownFileType = text.xcconfig; name = "Pods-Tests-DGFrameworkTemplateTests-iOS.release.xcconfig"; path = "Pods/Target Support Files/Pods-Tests-DGFrameworkTemplateTests-iOS/Pods-Tests-DGFrameworkTemplateTests-iOS.release.xcconfig"; sourceTree = "<group>"; };
		4452FBA22E4D14DCF45C7DE4 /* Pods-DGFrameworkTemplateTests-DGFrameworkTemplateTests-iOS.debug.xcconfig */ = {isa = PBXFileReference; includeInIndex = 1; lastKnownFileType = text.xcconfig; name = "Pods-DGFrameworkTemplateTests-DGFrameworkTemplateTests-iOS.debug.xcconfig"; path = "Pods/Target Support Files/Pods-DGFrameworkTemplateTests-DGFrameworkTemplateTests-iOS/Pods-DGFrameworkTemplateTests-DGFrameworkTemplateTests-iOS.debug.xcconfig"; sourceTree = "<group>"; };
		486CAA196CD9ED1BD4FB196C /* Pods-Tests-DGFrameworkTemplateTests-tvOS.debug.xcconfig */ = {isa = PBXFileReference; includeInIndex = 1; lastKnownFileType = text.xcconfig; name = "Pods-Tests-DGFrameworkTemplateTests-tvOS.debug.xcconfig"; path = "Pods/Target Support Files/Pods-Tests-DGFrameworkTemplateTests-tvOS/Pods-Tests-DGFrameworkTemplateTests-tvOS.debug.xcconfig"; sourceTree = "<group>"; };
		4912F871B52ECCD87699C50A /* Pods_DGFrameworkTemplate_DGFrameworkTemplate_tvOS.framework */ = {isa = PBXFileReference; explicitFileType = wrapper.framework; includeInIndex = 0; path = Pods_DGFrameworkTemplate_DGFrameworkTemplate_tvOS.framework; sourceTree = BUILT_PRODUCTS_DIR; };
		4A180F0BFFE100DA1971D335 /* Pods_Frameworks_DGFrameworkTemplate_iOS.framework */ = {isa = PBXFileReference; explicitFileType = wrapper.framework; includeInIndex = 0; path = Pods_Frameworks_DGFrameworkTemplate_iOS.framework; sourceTree = BUILT_PRODUCTS_DIR; };
		4D7C0181C6DC97DB5CBE6F74 /* Pods-Framework-DGFrameworkTemplate-iOS.release.xcconfig */ = {isa = PBXFileReference; includeInIndex = 1; lastKnownFileType = text.xcconfig; name = "Pods-Framework-DGFrameworkTemplate-iOS.release.xcconfig"; path = "Pods/Target Support Files/Pods-Framework-DGFrameworkTemplate-iOS/Pods-Framework-DGFrameworkTemplate-iOS.release.xcconfig"; sourceTree = "<group>"; };
		50395DAB28A88270387AAB05 /* Pods-DGFrameworkTemplate-OSX.debug.xcconfig */ = {isa = PBXFileReference; includeInIndex = 1; lastKnownFileType = text.xcconfig; name = "Pods-DGFrameworkTemplate-OSX.debug.xcconfig"; path = "Pods/Target Support Files/Pods-DGFrameworkTemplate-OSX/Pods-DGFrameworkTemplate-OSX.debug.xcconfig"; sourceTree = "<group>"; };
		512C204BAEFC30EFC2B60BF4 /* Pods_DGFrameworkTemplate_DGFrameworkTemplateTests_DGFrameworkTemplateTests_tvOS.framework */ = {isa = PBXFileReference; explicitFileType = wrapper.framework; includeInIndex = 0; path = Pods_DGFrameworkTemplate_DGFrameworkTemplateTests_DGFrameworkTemplateTests_tvOS.framework; sourceTree = BUILT_PRODUCTS_DIR; };
		514FC3C90A0F98338B3944D9 /* Pods-DGFrameworkTemplate-DGFrameworkTemplate-watchOS.release.xcconfig */ = {isa = PBXFileReference; includeInIndex = 1; lastKnownFileType = text.xcconfig; name = "Pods-DGFrameworkTemplate-DGFrameworkTemplate-watchOS.release.xcconfig"; path = "Pods/Target Support Files/Pods-DGFrameworkTemplate-DGFrameworkTemplate-watchOS/Pods-DGFrameworkTemplate-DGFrameworkTemplate-watchOS.release.xcconfig"; sourceTree = "<group>"; };
		51B1A7AF495456ADB391CD20 /* Pods-DGFrameworkTemplateTests-DGFrameworkTemplateTests-tvOS.debug.xcconfig */ = {isa = PBXFileReference; includeInIndex = 1; lastKnownFileType = text.xcconfig; name = "Pods-DGFrameworkTemplateTests-DGFrameworkTemplateTests-tvOS.debug.xcconfig"; path = "Pods/Target Support Files/Pods-DGFrameworkTemplateTests-DGFrameworkTemplateTests-tvOS/Pods-DGFrameworkTemplateTests-DGFrameworkTemplateTests-tvOS.debug.xcconfig"; sourceTree = "<group>"; };
		52BB6A669837BF35290E310D /* Pods-DGFrameworkTemplate-DGFrameworkTemplate-tvOS.debug.xcconfig */ = {isa = PBXFileReference; includeInIndex = 1; lastKnownFileType = text.xcconfig; name = "Pods-DGFrameworkTemplate-DGFrameworkTemplate-tvOS.debug.xcconfig"; path = "Pods/Target Support Files/Pods-DGFrameworkTemplate-DGFrameworkTemplate-tvOS/Pods-DGFrameworkTemplate-DGFrameworkTemplate-tvOS.debug.xcconfig"; sourceTree = "<group>"; };
		576C8E0B90811D4A1FDBD355 /* Pods_Framework_DGFrameworkTemplate_tvOS.framework */ = {isa = PBXFileReference; explicitFileType = wrapper.framework; includeInIndex = 0; path = Pods_Framework_DGFrameworkTemplate_tvOS.framework; sourceTree = BUILT_PRODUCTS_DIR; };
		5A5A9C2EDFA594A975D122F9 /* Pods-DGFrameworkTemplate-tvOS.release.xcconfig */ = {isa = PBXFileReference; includeInIndex = 1; lastKnownFileType = text.xcconfig; name = "Pods-DGFrameworkTemplate-tvOS.release.xcconfig"; path = "Pods/Target Support Files/Pods-DGFrameworkTemplate-tvOS/Pods-DGFrameworkTemplate-tvOS.release.xcconfig"; sourceTree = "<group>"; };
		6174777C4D97A26C955AE8BC /* Pods-DGFrameworkTemplate-DGFrameworkTemplate-iOS.release.xcconfig */ = {isa = PBXFileReference; includeInIndex = 1; lastKnownFileType = text.xcconfig; name = "Pods-DGFrameworkTemplate-DGFrameworkTemplate-iOS.release.xcconfig"; path = "Pods/Target Support Files/Pods-DGFrameworkTemplate-DGFrameworkTemplate-iOS/Pods-DGFrameworkTemplate-DGFrameworkTemplate-iOS.release.xcconfig"; sourceTree = "<group>"; };
		6D1BCC4EF2EF5FEA2DD9C07D /* Pods-Framework-DGFrameworkTemplate-OSX.release.xcconfig */ = {isa = PBXFileReference; includeInIndex = 1; lastKnownFileType = text.xcconfig; name = "Pods-Framework-DGFrameworkTemplate-OSX.release.xcconfig"; path = "Pods/Target Support Files/Pods-Framework-DGFrameworkTemplate-OSX/Pods-Framework-DGFrameworkTemplate-OSX.release.xcconfig"; sourceTree = "<group>"; };
		6DA7EE61CC6565E34194D504 /* Pods-Frameworks-DGFrameworkTemplate-iOS.release.xcconfig */ = {isa = PBXFileReference; includeInIndex = 1; lastKnownFileType = text.xcconfig; name = "Pods-Frameworks-DGFrameworkTemplate-iOS.release.xcconfig"; path = "Pods/Target Support Files/Pods-Frameworks-DGFrameworkTemplate-iOS/Pods-Frameworks-DGFrameworkTemplate-iOS.release.xcconfig"; sourceTree = "<group>"; };
		72B7CB5DF5B6229310D4DB75 /* Pods_DGFrameworkTemplate_tvOS.framework */ = {isa = PBXFileReference; explicitFileType = wrapper.framework; includeInIndex = 0; path = Pods_DGFrameworkTemplate_tvOS.framework; sourceTree = BUILT_PRODUCTS_DIR; };
		743CE3B5536FD68FEE393434 /* Pods_DGFrameworkTemplateTests_DGFrameworkTemplateTests_iOS.framework */ = {isa = PBXFileReference; explicitFileType = wrapper.framework; includeInIndex = 0; path = Pods_DGFrameworkTemplateTests_DGFrameworkTemplateTests_iOS.framework; sourceTree = BUILT_PRODUCTS_DIR; };
		77F02420920C697990A522EB /* Pods-DGFrameworkTemplate-watchOS.release.xcconfig */ = {isa = PBXFileReference; includeInIndex = 1; lastKnownFileType = text.xcconfig; name = "Pods-DGFrameworkTemplate-watchOS.release.xcconfig"; path = "Pods/Target Support Files/Pods-DGFrameworkTemplate-watchOS/Pods-DGFrameworkTemplate-watchOS.release.xcconfig"; sourceTree = "<group>"; };
		7C5CB00F9894560D888199AB /* Pods_DGFrameworkTemplate_DGFrameworkTemplateTests_DGFrameworkTemplateTests_iOS.framework */ = {isa = PBXFileReference; explicitFileType = wrapper.framework; includeInIndex = 0; path = Pods_DGFrameworkTemplate_DGFrameworkTemplateTests_DGFrameworkTemplateTests_iOS.framework; sourceTree = BUILT_PRODUCTS_DIR; };
		837F532F40BE765C45E123F7 /* Pods_DGFrameworkTemplate_DGFrameworkTemplate_OSX.framework */ = {isa = PBXFileReference; explicitFileType = wrapper.framework; includeInIndex = 0; path = Pods_DGFrameworkTemplate_DGFrameworkTemplate_OSX.framework; sourceTree = BUILT_PRODUCTS_DIR; };
		8CD9AC0429898A880C9B3317 /* Pods-Frameworks-DGFrameworkTemplate-tvOS.release.xcconfig */ = {isa = PBXFileReference; includeInIndex = 1; lastKnownFileType = text.xcconfig; name = "Pods-Frameworks-DGFrameworkTemplate-tvOS.release.xcconfig"; path = "Pods/Target Support Files/Pods-Frameworks-DGFrameworkTemplate-tvOS/Pods-Frameworks-DGFrameworkTemplate-tvOS.release.xcconfig"; sourceTree = "<group>"; };
		8DA0083CA5E72BCB1059A66B /* Pods-Framework-DGFrameworkTemplate-watchOS.release.xcconfig */ = {isa = PBXFileReference; includeInIndex = 1; lastKnownFileType = text.xcconfig; name = "Pods-Framework-DGFrameworkTemplate-watchOS.release.xcconfig"; path = "Pods/Target Support Files/Pods-Framework-DGFrameworkTemplate-watchOS/Pods-Framework-DGFrameworkTemplate-watchOS.release.xcconfig"; sourceTree = "<group>"; };
		947AD14F61B749FD0BB04F96 /* Pods-DGFrameworkTemplateTests-DGFrameworkTemplateTests-tvOS.release.xcconfig */ = {isa = PBXFileReference; includeInIndex = 1; lastKnownFileType = text.xcconfig; name = "Pods-DGFrameworkTemplateTests-DGFrameworkTemplateTests-tvOS.release.xcconfig"; path = "Pods/Target Support Files/Pods-DGFrameworkTemplateTests-DGFrameworkTemplateTests-tvOS/Pods-DGFrameworkTemplateTests-DGFrameworkTemplateTests-tvOS.release.xcconfig"; sourceTree = "<group>"; };
		95DB5F9F9B476FC8A60CE850 /* Pods-DGFrameworkTemplate-DGFrameworkTemplate-watchOS.debug.xcconfig */ = {isa = PBXFileReference; includeInIndex = 1; lastKnownFileType = text.xcconfig; name = "Pods-DGFrameworkTemplate-DGFrameworkTemplate-watchOS.debug.xcconfig"; path = "Pods/Target Support Files/Pods-DGFrameworkTemplate-DGFrameworkTemplate-watchOS/Pods-DGFrameworkTemplate-DGFrameworkTemplate-watchOS.debug.xcconfig"; sourceTree = "<group>"; };
		96A5D41A654E55EA14016476 /* Pods-DGFrameworkTemplateTests-DGFrameworkTemplateTests-iOS.release.xcconfig */ = {isa = PBXFileReference; includeInIndex = 1; lastKnownFileType = text.xcconfig; name = "Pods-DGFrameworkTemplateTests-DGFrameworkTemplateTests-iOS.release.xcconfig"; path = "Pods/Target Support Files/Pods-DGFrameworkTemplateTests-DGFrameworkTemplateTests-iOS/Pods-DGFrameworkTemplateTests-DGFrameworkTemplateTests-iOS.release.xcconfig"; sourceTree = "<group>"; };
		98121C7D06F9045C6273B592 /* Pods_DGFrameworkTemplate_DGFrameworkTemplateTests_DGFrameworkTemplateTests_OSX.framework */ = {isa = PBXFileReference; explicitFileType = wrapper.framework; includeInIndex = 0; path = Pods_DGFrameworkTemplate_DGFrameworkTemplateTests_DGFrameworkTemplateTests_OSX.framework; sourceTree = BUILT_PRODUCTS_DIR; };
		9E08F00D082853363E0C2E09 /* Pods_DGFrameworkTemplate_OSX.framework */ = {isa = PBXFileReference; explicitFileType = wrapper.framework; includeInIndex = 0; path = Pods_DGFrameworkTemplate_OSX.framework; sourceTree = BUILT_PRODUCTS_DIR; };
		A169356241C4D96A56C7606D /* Pods-Framework-DGFrameworkTemplate-watchOS.debug.xcconfig */ = {isa = PBXFileReference; includeInIndex = 1; lastKnownFileType = text.xcconfig; name = "Pods-Framework-DGFrameworkTemplate-watchOS.debug.xcconfig"; path = "Pods/Target Support Files/Pods-Framework-DGFrameworkTemplate-watchOS/Pods-Framework-DGFrameworkTemplate-watchOS.debug.xcconfig"; sourceTree = "<group>"; };
		A3169DB01DE05E8300BABAFD /* DGFrameworkTemplate.framework */ = {isa = PBXFileReference; explicitFileType = wrapper.framework; includeInIndex = 0; path = DGFrameworkTemplate.framework; sourceTree = BUILT_PRODUCTS_DIR; };
		A3169DB91DE05E8300BABAFD /* DGFrameworkTemplateTests-iOS.xctest */ = {isa = PBXFileReference; explicitFileType = wrapper.cfbundle; includeInIndex = 0; path = "DGFrameworkTemplateTests-iOS.xctest"; sourceTree = BUILT_PRODUCTS_DIR; };
		A3169DCC1DE0629100BABAFD /* Info.plist */ = {isa = PBXFileReference; fileEncoding = 4; lastKnownFileType = text.plist.xml; path = Info.plist; sourceTree = "<group>"; };
		A3169DD11DE062A000BABAFD /* Info.plist */ = {isa = PBXFileReference; fileEncoding = 4; lastKnownFileType = text.plist.xml; path = Info.plist; sourceTree = "<group>"; };
		A3169DD41DE0631900BABAFD /* TemplateClass.swift */ = {isa = PBXFileReference; fileEncoding = 4; lastKnownFileType = sourcecode.swift; path = TemplateClass.swift; sourceTree = "<group>"; };
		A3169DDE1DE06EF400BABAFD /* DGFrameworkTemplate.framework */ = {isa = PBXFileReference; explicitFileType = wrapper.framework; includeInIndex = 0; path = DGFrameworkTemplate.framework; sourceTree = BUILT_PRODUCTS_DIR; };
		A3169DEF1DE0718900BABAFD /* DGFrameworkTemplate.framework */ = {isa = PBXFileReference; explicitFileType = wrapper.framework; includeInIndex = 0; path = DGFrameworkTemplate.framework; sourceTree = BUILT_PRODUCTS_DIR; };
		A3169DF71DE0718900BABAFD /* DGFrameworkTemplateTests-tvOS.xctest */ = {isa = PBXFileReference; explicitFileType = wrapper.cfbundle; includeInIndex = 0; path = "DGFrameworkTemplateTests-tvOS.xctest"; sourceTree = BUILT_PRODUCTS_DIR; };
		A3169E0C1DE072C700BABAFD /* DGFrameworkTemplate.framework */ = {isa = PBXFileReference; explicitFileType = wrapper.framework; includeInIndex = 0; path = DGFrameworkTemplate.framework; sourceTree = BUILT_PRODUCTS_DIR; };
		A3169E141DE072C800BABAFD /* DGFrameworkTemplateTests-OSX.xctest */ = {isa = PBXFileReference; explicitFileType = wrapper.cfbundle; includeInIndex = 0; path = "DGFrameworkTemplateTests-OSX.xctest"; sourceTree = BUILT_PRODUCTS_DIR; };
		A3169E751DE083D900BABAFD /* DGFrameworkTemplate.h */ = {isa = PBXFileReference; fileEncoding = 4; lastKnownFileType = sourcecode.c.h; path = DGFrameworkTemplate.h; sourceTree = "<group>"; };
		A38EF2C71DECF97000637484 /* DGFrameworkTemplateTests.swift */ = {isa = PBXFileReference; fileEncoding = 4; lastKnownFileType = sourcecode.swift; path = DGFrameworkTemplateTests.swift; sourceTree = "<group>"; };
		A659D0A1E2D37319B6D9B47D /* Pods-DGFrameworkTemplateTests-DGFrameworkTemplateTests-OSX.release.xcconfig */ = {isa = PBXFileReference; includeInIndex = 1; lastKnownFileType = text.xcconfig; name = "Pods-DGFrameworkTemplateTests-DGFrameworkTemplateTests-OSX.release.xcconfig"; path = "Pods/Target Support Files/Pods-DGFrameworkTemplateTests-DGFrameworkTemplateTests-OSX/Pods-DGFrameworkTemplateTests-DGFrameworkTemplateTests-OSX.release.xcconfig"; sourceTree = "<group>"; };
		A708025C7167A7EF3A207CEF /* Pods-Frameworks-DGFrameworkTemplate-OSX.debug.xcconfig */ = {isa = PBXFileReference; includeInIndex = 1; lastKnownFileType = text.xcconfig; name = "Pods-Frameworks-DGFrameworkTemplate-OSX.debug.xcconfig"; path = "Pods/Target Support Files/Pods-Frameworks-DGFrameworkTemplate-OSX/Pods-Frameworks-DGFrameworkTemplate-OSX.debug.xcconfig"; sourceTree = "<group>"; };
		A8901E6EC51FB445A6A14D34 /* Pods-DGFrameworkTemplate-tvOS.debug.xcconfig */ = {isa = PBXFileReference; includeInIndex = 1; lastKnownFileType = text.xcconfig; name = "Pods-DGFrameworkTemplate-tvOS.debug.xcconfig"; path = "Pods/Target Support Files/Pods-DGFrameworkTemplate-tvOS/Pods-DGFrameworkTemplate-tvOS.debug.xcconfig"; sourceTree = "<group>"; };
		AA487391710798A438711631 /* Pods-DGFrameworkTemplate-DGFrameworkTemplateTests-DGFrameworkTemplateTests-iOS.release.xcconfig */ = {isa = PBXFileReference; includeInIndex = 1; lastKnownFileType = text.xcconfig; name = "Pods-DGFrameworkTemplate-DGFrameworkTemplateTests-DGFrameworkTemplateTests-iOS.release.xcconfig"; path = "Pods/Target Support Files/Pods-DGFrameworkTemplate-DGFrameworkTemplateTests-DGFrameworkTemplateTests-iOS/Pods-DGFrameworkTemplate-DGFrameworkTemplateTests-DGFrameworkTemplateTests-iOS.release.xcconfig"; sourceTree = "<group>"; };
		AB48CB187F54CDB76B300FC4 /* Pods_Frameworks_DGFrameworkTemplate_tvOS.framework */ = {isa = PBXFileReference; explicitFileType = wrapper.framework; includeInIndex = 0; path = Pods_Frameworks_DGFrameworkTemplate_tvOS.framework; sourceTree = BUILT_PRODUCTS_DIR; };
		B30AF0766007D8750B42B961 /* Pods_DGFrameworkTemplateTests_DGFrameworkTemplateTests_OSX.framework */ = {isa = PBXFileReference; explicitFileType = wrapper.framework; includeInIndex = 0; path = Pods_DGFrameworkTemplateTests_DGFrameworkTemplateTests_OSX.framework; sourceTree = BUILT_PRODUCTS_DIR; };
		BD2CFB22820BF20E1BE7EBE6 /* Pods-Tests-DGFrameworkTemplateTests-OSX.debug.xcconfig */ = {isa = PBXFileReference; includeInIndex = 1; lastKnownFileType = text.xcconfig; name = "Pods-Tests-DGFrameworkTemplateTests-OSX.debug.xcconfig"; path = "Pods/Target Support Files/Pods-Tests-DGFrameworkTemplateTests-OSX/Pods-Tests-DGFrameworkTemplateTests-OSX.debug.xcconfig"; sourceTree = "<group>"; };
		BF458808AFFD2613C6E96BC5 /* Pods-DGFrameworkTemplate-DGFrameworkTemplateTests-DGFrameworkTemplateTests-OSX.debug.xcconfig */ = {isa = PBXFileReference; includeInIndex = 1; lastKnownFileType = text.xcconfig; name = "Pods-DGFrameworkTemplate-DGFrameworkTemplateTests-DGFrameworkTemplateTests-OSX.debug.xcconfig"; path = "Pods/Target Support Files/Pods-DGFrameworkTemplate-DGFrameworkTemplateTests-DGFrameworkTemplateTests-OSX/Pods-DGFrameworkTemplate-DGFrameworkTemplateTests-DGFrameworkTemplateTests-OSX.debug.xcconfig"; sourceTree = "<group>"; };
		C0AD9E6C2A91C3EA477DFDA6 /* Pods-DGFrameworkTemplate-DGFrameworkTemplate-OSX.release.xcconfig */ = {isa = PBXFileReference; includeInIndex = 1; lastKnownFileType = text.xcconfig; name = "Pods-DGFrameworkTemplate-DGFrameworkTemplate-OSX.release.xcconfig"; path = "Pods/Target Support Files/Pods-DGFrameworkTemplate-DGFrameworkTemplate-OSX/Pods-DGFrameworkTemplate-DGFrameworkTemplate-OSX.release.xcconfig"; sourceTree = "<group>"; };
		CDD6A252A8693F5BEC42FF95 /* Pods_DGFrameworkTemplateTests_DGFrameworkTemplateTests_tvOS.framework */ = {isa = PBXFileReference; explicitFileType = wrapper.framework; includeInIndex = 0; path = Pods_DGFrameworkTemplateTests_DGFrameworkTemplateTests_tvOS.framework; sourceTree = BUILT_PRODUCTS_DIR; };
		CF81A893ABAB38CF216CCEEB /* Pods-DGFrameworkTemplate-DGFrameworkTemplate-OSX.debug.xcconfig */ = {isa = PBXFileReference; includeInIndex = 1; lastKnownFileType = text.xcconfig; name = "Pods-DGFrameworkTemplate-DGFrameworkTemplate-OSX.debug.xcconfig"; path = "Pods/Target Support Files/Pods-DGFrameworkTemplate-DGFrameworkTemplate-OSX/Pods-DGFrameworkTemplate-DGFrameworkTemplate-OSX.debug.xcconfig"; sourceTree = "<group>"; };
		CFC5B10B02A772CB8346E034 /* Pods-Frameworks-DGFrameworkTemplate-iOS.debug.xcconfig */ = {isa = PBXFileReference; includeInIndex = 1; lastKnownFileType = text.xcconfig; name = "Pods-Frameworks-DGFrameworkTemplate-iOS.debug.xcconfig"; path = "Pods/Target Support Files/Pods-Frameworks-DGFrameworkTemplate-iOS/Pods-Frameworks-DGFrameworkTemplate-iOS.debug.xcconfig"; sourceTree = "<group>"; };
		D57E6C707F250FFB5C65435F /* Pods-Framework-DGFrameworkTemplate-OSX.debug.xcconfig */ = {isa = PBXFileReference; includeInIndex = 1; lastKnownFileType = text.xcconfig; name = "Pods-Framework-DGFrameworkTemplate-OSX.debug.xcconfig"; path = "Pods/Target Support Files/Pods-Framework-DGFrameworkTemplate-OSX/Pods-Framework-DGFrameworkTemplate-OSX.debug.xcconfig"; sourceTree = "<group>"; };
		D776071E122693494B9F83DE /* Pods-Tests-DGFrameworkTemplateTests-iOS.debug.xcconfig */ = {isa = PBXFileReference; includeInIndex = 1; lastKnownFileType = text.xcconfig; name = "Pods-Tests-DGFrameworkTemplateTests-iOS.debug.xcconfig"; path = "Pods/Target Support Files/Pods-Tests-DGFrameworkTemplateTests-iOS/Pods-Tests-DGFrameworkTemplateTests-iOS.debug.xcconfig"; sourceTree = "<group>"; };
		D7E8E8BFB690F976CA2A7C76 /* Pods-DGFrameworkTemplate-OSX.release.xcconfig */ = {isa = PBXFileReference; includeInIndex = 1; lastKnownFileType = text.xcconfig; name = "Pods-DGFrameworkTemplate-OSX.release.xcconfig"; path = "Pods/Target Support Files/Pods-DGFrameworkTemplate-OSX/Pods-DGFrameworkTemplate-OSX.release.xcconfig"; sourceTree = "<group>"; };
		DD5250ABFACEF3D037F325BB /* Pods-Tests-DGFrameworkTemplateTests-OSX.release.xcconfig */ = {isa = PBXFileReference; includeInIndex = 1; lastKnownFileType = text.xcconfig; name = "Pods-Tests-DGFrameworkTemplateTests-OSX.release.xcconfig"; path = "Pods/Target Support Files/Pods-Tests-DGFrameworkTemplateTests-OSX/Pods-Tests-DGFrameworkTemplateTests-OSX.release.xcconfig"; sourceTree = "<group>"; };
		E17A0A418556567DF3F89A30 /* Pods-Framework-DGFrameworkTemplate-tvOS.release.xcconfig */ = {isa = PBXFileReference; includeInIndex = 1; lastKnownFileType = text.xcconfig; name = "Pods-Framework-DGFrameworkTemplate-tvOS.release.xcconfig"; path = "Pods/Target Support Files/Pods-Framework-DGFrameworkTemplate-tvOS/Pods-Framework-DGFrameworkTemplate-tvOS.release.xcconfig"; sourceTree = "<group>"; };
		E2D4533D19F6E7CF4D1C321F /* Pods-Tests-DGFrameworkTemplateTests-tvOS.release.xcconfig */ = {isa = PBXFileReference; includeInIndex = 1; lastKnownFileType = text.xcconfig; name = "Pods-Tests-DGFrameworkTemplateTests-tvOS.release.xcconfig"; path = "Pods/Target Support Files/Pods-Tests-DGFrameworkTemplateTests-tvOS/Pods-Tests-DGFrameworkTemplateTests-tvOS.release.xcconfig"; sourceTree = "<group>"; };
		E6172609921DF9DEE2B5BC15 /* Pods-Frameworks-DGFrameworkTemplate-OSX.release.xcconfig */ = {isa = PBXFileReference; includeInIndex = 1; lastKnownFileType = text.xcconfig; name = "Pods-Frameworks-DGFrameworkTemplate-OSX.release.xcconfig"; path = "Pods/Target Support Files/Pods-Frameworks-DGFrameworkTemplate-OSX/Pods-Frameworks-DGFrameworkTemplate-OSX.release.xcconfig"; sourceTree = "<group>"; };
		E876A8254DE84D9510B7E68E /* Pods-DGFrameworkTemplate-watchOS.debug.xcconfig */ = {isa = PBXFileReference; includeInIndex = 1; lastKnownFileType = text.xcconfig; name = "Pods-DGFrameworkTemplate-watchOS.debug.xcconfig"; path = "Pods/Target Support Files/Pods-DGFrameworkTemplate-watchOS/Pods-DGFrameworkTemplate-watchOS.debug.xcconfig"; sourceTree = "<group>"; };
		EBAE5078BA36387E1C7BEB16 /* Pods-DGFrameworkTemplate-DGFrameworkTemplateTests-DGFrameworkTemplateTests-iOS.debug.xcconfig */ = {isa = PBXFileReference; includeInIndex = 1; lastKnownFileType = text.xcconfig; name = "Pods-DGFrameworkTemplate-DGFrameworkTemplateTests-DGFrameworkTemplateTests-iOS.debug.xcconfig"; path = "Pods/Target Support Files/Pods-DGFrameworkTemplate-DGFrameworkTemplateTests-DGFrameworkTemplateTests-iOS/Pods-DGFrameworkTemplate-DGFrameworkTemplateTests-DGFrameworkTemplateTests-iOS.debug.xcconfig"; sourceTree = "<group>"; };
		F2B619F4FACEF965F693B46A /* Pods-DGFrameworkTemplate-DGFrameworkTemplate-tvOS.release.xcconfig */ = {isa = PBXFileReference; includeInIndex = 1; lastKnownFileType = text.xcconfig; name = "Pods-DGFrameworkTemplate-DGFrameworkTemplate-tvOS.release.xcconfig"; path = "Pods/Target Support Files/Pods-DGFrameworkTemplate-DGFrameworkTemplate-tvOS/Pods-DGFrameworkTemplate-DGFrameworkTemplate-tvOS.release.xcconfig"; sourceTree = "<group>"; };
		F4A6E93591F7B679361C013F /* Pods_Framework_DGFrameworkTemplate_watchOS.framework */ = {isa = PBXFileReference; explicitFileType = wrapper.framework; includeInIndex = 0; path = Pods_Framework_DGFrameworkTemplate_watchOS.framework; sourceTree = BUILT_PRODUCTS_DIR; };
		F6D627CA93F8F0067C996519 /* Pods_Framework_DGFrameworkTemplate_iOS.framework */ = {isa = PBXFileReference; explicitFileType = wrapper.framework; includeInIndex = 0; path = Pods_Framework_DGFrameworkTemplate_iOS.framework; sourceTree = BUILT_PRODUCTS_DIR; };
		FADA5FD5BF0C05BFBE82F7DA /* Pods_DGFrameworkTemplate_watchOS.framework */ = {isa = PBXFileReference; explicitFileType = wrapper.framework; includeInIndex = 0; path = Pods_DGFrameworkTemplate_watchOS.framework; sourceTree = BUILT_PRODUCTS_DIR; };
		FBF519D4F08F654DE7150803 /* Pods-DGFrameworkTemplate-iOS.debug.xcconfig */ = {isa = PBXFileReference; includeInIndex = 1; lastKnownFileType = text.xcconfig; name = "Pods-DGFrameworkTemplate-iOS.debug.xcconfig"; path = "Pods/Target Support Files/Pods-DGFrameworkTemplate-iOS/Pods-DGFrameworkTemplate-iOS.debug.xcconfig"; sourceTree = "<group>"; };
		FE60028764ED4CF3D145870D /* Pods_Tests_DGFrameworkTemplateTests_iOS.framework */ = {isa = PBXFileReference; explicitFileType = wrapper.framework; includeInIndex = 0; path = Pods_Tests_DGFrameworkTemplateTests_iOS.framework; sourceTree = BUILT_PRODUCTS_DIR; };
/* End PBXFileReference section */

/* Begin PBXFrameworksBuildPhase section */
		A3169DAC1DE05E8300BABAFD /* Frameworks */ = {
			isa = PBXFrameworksBuildPhase;
			buildActionMask = 2147483647;
			files = (
				F860DB1B689E3A2137B1FA0A /* Pods_Frameworks_DGFrameworkTemplate_iOS.framework in Frameworks */,
			);
			runOnlyForDeploymentPostprocessing = 0;
		};
		A3169DB61DE05E8300BABAFD /* Frameworks */ = {
			isa = PBXFrameworksBuildPhase;
			buildActionMask = 2147483647;
			files = (
				A3169DBA1DE05E8300BABAFD /* DGFrameworkTemplate.framework in Frameworks */,
				D3B1029A523BCB0FD5FB4B3C /* Pods_Tests_DGFrameworkTemplateTests_iOS.framework in Frameworks */,
			);
			runOnlyForDeploymentPostprocessing = 0;
		};
		A3169DDA1DE06EF400BABAFD /* Frameworks */ = {
			isa = PBXFrameworksBuildPhase;
			buildActionMask = 2147483647;
			files = (
				0F4693548C561C4CA589F954 /* Pods_Frameworks_DGFrameworkTemplate_watchOS.framework in Frameworks */,
			);
			runOnlyForDeploymentPostprocessing = 0;
		};
		A3169DEB1DE0718900BABAFD /* Frameworks */ = {
			isa = PBXFrameworksBuildPhase;
			buildActionMask = 2147483647;
			files = (
				9C037F3F63588F2D4D9E5F44 /* Pods_Frameworks_DGFrameworkTemplate_tvOS.framework in Frameworks */,
			);
			runOnlyForDeploymentPostprocessing = 0;
		};
		A3169DF41DE0718900BABAFD /* Frameworks */ = {
			isa = PBXFrameworksBuildPhase;
			buildActionMask = 2147483647;
			files = (
				A3169DF81DE0718900BABAFD /* DGFrameworkTemplate.framework in Frameworks */,
				352F8E02629FE8F0B93D657D /* Pods_Tests_DGFrameworkTemplateTests_tvOS.framework in Frameworks */,
			);
			runOnlyForDeploymentPostprocessing = 0;
		};
		A3169E081DE072C700BABAFD /* Frameworks */ = {
			isa = PBXFrameworksBuildPhase;
			buildActionMask = 2147483647;
			files = (
				88767D1BDF119333B2969F6B /* Pods_Frameworks_DGFrameworkTemplate_OSX.framework in Frameworks */,
			);
			runOnlyForDeploymentPostprocessing = 0;
		};
		A3169E111DE072C800BABAFD /* Frameworks */ = {
			isa = PBXFrameworksBuildPhase;
			buildActionMask = 2147483647;
			files = (
				A3169E151DE072C800BABAFD /* DGFrameworkTemplate.framework in Frameworks */,
				68000714EB04FE12144495AC /* Pods_Tests_DGFrameworkTemplateTests_OSX.framework in Frameworks */,
			);
			runOnlyForDeploymentPostprocessing = 0;
		};
/* End PBXFrameworksBuildPhase section */

/* Begin PBXGroup section */
		A3169DA61DE05E8300BABAFD = {
			isa = PBXGroup;
			children = (
				A3169DCA1DE0629100BABAFD /* Sources */,
				A3169DCF1DE062A000BABAFD /* Tests */,
				A3169DB11DE05E8300BABAFD /* Products */,
				E85233E4947F5B1A14BC5EBB /* Pods */,
				BE2EFA0474240A2BD4740F2C /* Frameworks */,
			);
			sourceTree = "<group>";
		};
		A3169DB11DE05E8300BABAFD /* Products */ = {
			isa = PBXGroup;
			children = (
				A3169DB01DE05E8300BABAFD /* DGFrameworkTemplate.framework */,
				A3169DB91DE05E8300BABAFD /* DGFrameworkTemplateTests-iOS.xctest */,
				A3169DDE1DE06EF400BABAFD /* DGFrameworkTemplate.framework */,
				A3169DEF1DE0718900BABAFD /* DGFrameworkTemplate.framework */,
				A3169DF71DE0718900BABAFD /* DGFrameworkTemplateTests-tvOS.xctest */,
				A3169E0C1DE072C700BABAFD /* DGFrameworkTemplate.framework */,
				A3169E141DE072C800BABAFD /* DGFrameworkTemplateTests-OSX.xctest */,
			);
			name = Products;
			sourceTree = "<group>";
		};
		A3169DCA1DE0629100BABAFD /* Sources */ = {
			isa = PBXGroup;
			children = (
				A3169DD41DE0631900BABAFD /* TemplateClass.swift */,
				A3169E751DE083D900BABAFD /* DGFrameworkTemplate.h */,
				A3169DCC1DE0629100BABAFD /* Info.plist */,
			);
			path = Sources;
			sourceTree = "<group>";
		};
		A3169DCF1DE062A000BABAFD /* Tests */ = {
			isa = PBXGroup;
			children = (
				A38EF2C61DECF97000637484 /* DGFrameworkTemplateTests */,
				A3169DD11DE062A000BABAFD /* Info.plist */,
			);
			path = Tests;
			sourceTree = "<group>";
		};
		A38EF2C61DECF97000637484 /* DGFrameworkTemplateTests */ = {
			isa = PBXGroup;
			children = (
				A38EF2C71DECF97000637484 /* DGFrameworkTemplateTests.swift */,
			);
			path = DGFrameworkTemplateTests;
			sourceTree = "<group>";
		};
		BE2EFA0474240A2BD4740F2C /* Frameworks */ = {
			isa = PBXGroup;
			children = (
				9E08F00D082853363E0C2E09 /* Pods_DGFrameworkTemplate_OSX.framework */,
				3560547AA282DD83A7B33164 /* Pods_DGFrameworkTemplate_iOS.framework */,
				72B7CB5DF5B6229310D4DB75 /* Pods_DGFrameworkTemplate_tvOS.framework */,
				FADA5FD5BF0C05BFBE82F7DA /* Pods_DGFrameworkTemplate_watchOS.framework */,
				837F532F40BE765C45E123F7 /* Pods_DGFrameworkTemplate_DGFrameworkTemplate_OSX.framework */,
				0484FE3ECB5C5B87407ABF2F /* Pods_DGFrameworkTemplate_DGFrameworkTemplate_iOS.framework */,
				4912F871B52ECCD87699C50A /* Pods_DGFrameworkTemplate_DGFrameworkTemplate_tvOS.framework */,
				211A41348921FF72C4D8BAD0 /* Pods_DGFrameworkTemplate_DGFrameworkTemplate_watchOS.framework */,
				98121C7D06F9045C6273B592 /* Pods_DGFrameworkTemplate_DGFrameworkTemplateTests_DGFrameworkTemplateTests_OSX.framework */,
				7C5CB00F9894560D888199AB /* Pods_DGFrameworkTemplate_DGFrameworkTemplateTests_DGFrameworkTemplateTests_iOS.framework */,
				512C204BAEFC30EFC2B60BF4 /* Pods_DGFrameworkTemplate_DGFrameworkTemplateTests_DGFrameworkTemplateTests_tvOS.framework */,
				B30AF0766007D8750B42B961 /* Pods_DGFrameworkTemplateTests_DGFrameworkTemplateTests_OSX.framework */,
				743CE3B5536FD68FEE393434 /* Pods_DGFrameworkTemplateTests_DGFrameworkTemplateTests_iOS.framework */,
				CDD6A252A8693F5BEC42FF95 /* Pods_DGFrameworkTemplateTests_DGFrameworkTemplateTests_tvOS.framework */,
				2B167A5B9C9FD8CCB80B9060 /* Pods_Framework_DGFrameworkTemplate_OSX.framework */,
				F6D627CA93F8F0067C996519 /* Pods_Framework_DGFrameworkTemplate_iOS.framework */,
				576C8E0B90811D4A1FDBD355 /* Pods_Framework_DGFrameworkTemplate_tvOS.framework */,
				F4A6E93591F7B679361C013F /* Pods_Framework_DGFrameworkTemplate_watchOS.framework */,
				2490F3AD368BDE4C67BD69BD /* Pods_Tests_DGFrameworkTemplateTests_OSX.framework */,
				FE60028764ED4CF3D145870D /* Pods_Tests_DGFrameworkTemplateTests_iOS.framework */,
				1D22C66650C0EAD00C5F223D /* Pods_Tests_DGFrameworkTemplateTests_tvOS.framework */,
				1F3A573CBDD2737F8B259724 /* Pods_Frameworks_DGFrameworkTemplate_OSX.framework */,
				4A180F0BFFE100DA1971D335 /* Pods_Frameworks_DGFrameworkTemplate_iOS.framework */,
				AB48CB187F54CDB76B300FC4 /* Pods_Frameworks_DGFrameworkTemplate_tvOS.framework */,
				2CCF393177F6409E026FE4CE /* Pods_Frameworks_DGFrameworkTemplate_watchOS.framework */,
			);
			name = Frameworks;
			sourceTree = "<group>";
		};
		E85233E4947F5B1A14BC5EBB /* Pods */ = {
			isa = PBXGroup;
			children = (
				50395DAB28A88270387AAB05 /* Pods-DGFrameworkTemplate-OSX.debug.xcconfig */,
				D7E8E8BFB690F976CA2A7C76 /* Pods-DGFrameworkTemplate-OSX.release.xcconfig */,
				FBF519D4F08F654DE7150803 /* Pods-DGFrameworkTemplate-iOS.debug.xcconfig */,
				41A895CD0AD6C1CF5AEE8056 /* Pods-DGFrameworkTemplate-iOS.release.xcconfig */,
				A8901E6EC51FB445A6A14D34 /* Pods-DGFrameworkTemplate-tvOS.debug.xcconfig */,
				5A5A9C2EDFA594A975D122F9 /* Pods-DGFrameworkTemplate-tvOS.release.xcconfig */,
				E876A8254DE84D9510B7E68E /* Pods-DGFrameworkTemplate-watchOS.debug.xcconfig */,
				77F02420920C697990A522EB /* Pods-DGFrameworkTemplate-watchOS.release.xcconfig */,
				CF81A893ABAB38CF216CCEEB /* Pods-DGFrameworkTemplate-DGFrameworkTemplate-OSX.debug.xcconfig */,
				C0AD9E6C2A91C3EA477DFDA6 /* Pods-DGFrameworkTemplate-DGFrameworkTemplate-OSX.release.xcconfig */,
				2E7E721BCA0EF2D4EC0D39DD /* Pods-DGFrameworkTemplate-DGFrameworkTemplate-iOS.debug.xcconfig */,
				6174777C4D97A26C955AE8BC /* Pods-DGFrameworkTemplate-DGFrameworkTemplate-iOS.release.xcconfig */,
				52BB6A669837BF35290E310D /* Pods-DGFrameworkTemplate-DGFrameworkTemplate-tvOS.debug.xcconfig */,
				F2B619F4FACEF965F693B46A /* Pods-DGFrameworkTemplate-DGFrameworkTemplate-tvOS.release.xcconfig */,
				95DB5F9F9B476FC8A60CE850 /* Pods-DGFrameworkTemplate-DGFrameworkTemplate-watchOS.debug.xcconfig */,
				514FC3C90A0F98338B3944D9 /* Pods-DGFrameworkTemplate-DGFrameworkTemplate-watchOS.release.xcconfig */,
				BF458808AFFD2613C6E96BC5 /* Pods-DGFrameworkTemplate-DGFrameworkTemplateTests-DGFrameworkTemplateTests-OSX.debug.xcconfig */,
				11BF61C70530EAC9576ABAC4 /* Pods-DGFrameworkTemplate-DGFrameworkTemplateTests-DGFrameworkTemplateTests-OSX.release.xcconfig */,
				EBAE5078BA36387E1C7BEB16 /* Pods-DGFrameworkTemplate-DGFrameworkTemplateTests-DGFrameworkTemplateTests-iOS.debug.xcconfig */,
				AA487391710798A438711631 /* Pods-DGFrameworkTemplate-DGFrameworkTemplateTests-DGFrameworkTemplateTests-iOS.release.xcconfig */,
				0264F3297A81061FFEF491EA /* Pods-DGFrameworkTemplate-DGFrameworkTemplateTests-DGFrameworkTemplateTests-tvOS.debug.xcconfig */,
				0EDFB920B5B443552018769A /* Pods-DGFrameworkTemplate-DGFrameworkTemplateTests-DGFrameworkTemplateTests-tvOS.release.xcconfig */,
				2C064E1B66D05C013A3A276F /* Pods-DGFrameworkTemplateTests-DGFrameworkTemplateTests-OSX.debug.xcconfig */,
				A659D0A1E2D37319B6D9B47D /* Pods-DGFrameworkTemplateTests-DGFrameworkTemplateTests-OSX.release.xcconfig */,
				4452FBA22E4D14DCF45C7DE4 /* Pods-DGFrameworkTemplateTests-DGFrameworkTemplateTests-iOS.debug.xcconfig */,
				96A5D41A654E55EA14016476 /* Pods-DGFrameworkTemplateTests-DGFrameworkTemplateTests-iOS.release.xcconfig */,
				51B1A7AF495456ADB391CD20 /* Pods-DGFrameworkTemplateTests-DGFrameworkTemplateTests-tvOS.debug.xcconfig */,
				947AD14F61B749FD0BB04F96 /* Pods-DGFrameworkTemplateTests-DGFrameworkTemplateTests-tvOS.release.xcconfig */,
				D57E6C707F250FFB5C65435F /* Pods-Framework-DGFrameworkTemplate-OSX.debug.xcconfig */,
				6D1BCC4EF2EF5FEA2DD9C07D /* Pods-Framework-DGFrameworkTemplate-OSX.release.xcconfig */,
				2D7B0C277D4DACF59CC3388C /* Pods-Framework-DGFrameworkTemplate-iOS.debug.xcconfig */,
				4D7C0181C6DC97DB5CBE6F74 /* Pods-Framework-DGFrameworkTemplate-iOS.release.xcconfig */,
				06096CD81FE6581D44C7545C /* Pods-Framework-DGFrameworkTemplate-tvOS.debug.xcconfig */,
				E17A0A418556567DF3F89A30 /* Pods-Framework-DGFrameworkTemplate-tvOS.release.xcconfig */,
				A169356241C4D96A56C7606D /* Pods-Framework-DGFrameworkTemplate-watchOS.debug.xcconfig */,
				8DA0083CA5E72BCB1059A66B /* Pods-Framework-DGFrameworkTemplate-watchOS.release.xcconfig */,
				BD2CFB22820BF20E1BE7EBE6 /* Pods-Tests-DGFrameworkTemplateTests-OSX.debug.xcconfig */,
				DD5250ABFACEF3D037F325BB /* Pods-Tests-DGFrameworkTemplateTests-OSX.release.xcconfig */,
				D776071E122693494B9F83DE /* Pods-Tests-DGFrameworkTemplateTests-iOS.debug.xcconfig */,
				41F127338C7A850CD2EEF4F5 /* Pods-Tests-DGFrameworkTemplateTests-iOS.release.xcconfig */,
				486CAA196CD9ED1BD4FB196C /* Pods-Tests-DGFrameworkTemplateTests-tvOS.debug.xcconfig */,
				E2D4533D19F6E7CF4D1C321F /* Pods-Tests-DGFrameworkTemplateTests-tvOS.release.xcconfig */,
				A708025C7167A7EF3A207CEF /* Pods-Frameworks-DGFrameworkTemplate-OSX.debug.xcconfig */,
				E6172609921DF9DEE2B5BC15 /* Pods-Frameworks-DGFrameworkTemplate-OSX.release.xcconfig */,
				CFC5B10B02A772CB8346E034 /* Pods-Frameworks-DGFrameworkTemplate-iOS.debug.xcconfig */,
				6DA7EE61CC6565E34194D504 /* Pods-Frameworks-DGFrameworkTemplate-iOS.release.xcconfig */,
				14E938AE7A9E60C8AF33C59B /* Pods-Frameworks-DGFrameworkTemplate-tvOS.debug.xcconfig */,
				8CD9AC0429898A880C9B3317 /* Pods-Frameworks-DGFrameworkTemplate-tvOS.release.xcconfig */,
				2F23369CB12119CE0B4CFCE3 /* Pods-Frameworks-DGFrameworkTemplate-watchOS.debug.xcconfig */,
				18F7939B36FDA0910AA59B34 /* Pods-Frameworks-DGFrameworkTemplate-watchOS.release.xcconfig */,
			);
			name = Pods;
			sourceTree = "<group>";
		};
/* End PBXGroup section */

/* Begin PBXHeadersBuildPhase section */
		A3169E281DE07B0500BABAFD /* Headers */ = {
			isa = PBXHeadersBuildPhase;
			buildActionMask = 2147483647;
			files = (
				A3169E781DE083D900BABAFD /* DGFrameworkTemplate.h in Headers */,
			);
			runOnlyForDeploymentPostprocessing = 0;
		};
		A3169E2A1DE07B3E00BABAFD /* Headers */ = {
			isa = PBXHeadersBuildPhase;
			buildActionMask = 2147483647;
			files = (
				A3169E791DE083D900BABAFD /* DGFrameworkTemplate.h in Headers */,
			);
			runOnlyForDeploymentPostprocessing = 0;
		};
		A3169E631DE0804300BABAFD /* Headers */ = {
			isa = PBXHeadersBuildPhase;
			buildActionMask = 2147483647;
			files = (
				A3169E761DE083D900BABAFD /* DGFrameworkTemplate.h in Headers */,
			);
			runOnlyForDeploymentPostprocessing = 0;
		};
		A3169E651DE0804D00BABAFD /* Headers */ = {
			isa = PBXHeadersBuildPhase;
			buildActionMask = 2147483647;
			files = (
				A3169E771DE083D900BABAFD /* DGFrameworkTemplate.h in Headers */,
			);
			runOnlyForDeploymentPostprocessing = 0;
		};
/* End PBXHeadersBuildPhase section */

/* Begin PBXNativeTarget section */
		A3169DAF1DE05E8300BABAFD /* DGFrameworkTemplate-iOS */ = {
			isa = PBXNativeTarget;
			buildConfigurationList = A3169DC41DE05E8300BABAFD /* Build configuration list for PBXNativeTarget "DGFrameworkTemplate-iOS" */;
			buildPhases = (
				A80649F2B1CF98092D4B9D87 /* [CP] Check Pods Manifest.lock */,
				A3169DAB1DE05E8300BABAFD /* Sources */,
				A3169DAC1DE05E8300BABAFD /* Frameworks */,
				A3169DAE1DE05E8300BABAFD /* Resources */,
				A3169DD81DE0654400BABAFD /* Swiftlint */,
				A3169E631DE0804300BABAFD /* Headers */,
				37FC180DFF00202BF29BED37 /* [CP] Copy Pods Resources */,
			);
			buildRules = (
			);
			dependencies = (
			);
			name = "DGFrameworkTemplate-iOS";
			productName = DGFrameworkTemplate;
			productReference = A3169DB01DE05E8300BABAFD /* DGFrameworkTemplate.framework */;
			productType = "com.apple.product-type.framework";
		};
		A3169DB81DE05E8300BABAFD /* DGFrameworkTemplateTests-iOS */ = {
			isa = PBXNativeTarget;
			buildConfigurationList = A3169DC71DE05E8300BABAFD /* Build configuration list for PBXNativeTarget "DGFrameworkTemplateTests-iOS" */;
			buildPhases = (
				9230B7B1AECA727542936317 /* [CP] Check Pods Manifest.lock */,
				A3169DB51DE05E8300BABAFD /* Sources */,
				A3169DB61DE05E8300BABAFD /* Frameworks */,
				A3169DB71DE05E8300BABAFD /* Resources */,
				43763C6A7B0D7EC4A68FE07D /* [CP] Embed Pods Frameworks */,
				929588168836F37746AE1E69 /* [CP] Copy Pods Resources */,
			);
			buildRules = (
			);
			dependencies = (
				A3169DBC1DE05E8300BABAFD /* PBXTargetDependency */,
			);
			name = "DGFrameworkTemplateTests-iOS";
			productName = DGFrameworkTemplateTests;
			productReference = A3169DB91DE05E8300BABAFD /* DGFrameworkTemplateTests-iOS.xctest */;
			productType = "com.apple.product-type.bundle.unit-test";
		};
		A3169DDD1DE06EF400BABAFD /* DGFrameworkTemplate-watchOS */ = {
			isa = PBXNativeTarget;
			buildConfigurationList = A3169DE31DE06EF400BABAFD /* Build configuration list for PBXNativeTarget "DGFrameworkTemplate-watchOS" */;
			buildPhases = (
				80809BEA7E15CFA5A5B2109D /* [CP] Check Pods Manifest.lock */,
				A3169DD91DE06EF400BABAFD /* Sources */,
				A3169DDA1DE06EF400BABAFD /* Frameworks */,
				A3169DDC1DE06EF400BABAFD /* Resources */,
				A3169DE71DE06FB300BABAFD /* Swiftlint */,
				A3169E651DE0804D00BABAFD /* Headers */,
				BFE01E23628F1626C7380CE4 /* [CP] Copy Pods Resources */,
			);
			buildRules = (
			);
			dependencies = (
			);
			name = "DGFrameworkTemplate-watchOS";
			productName = DGFrameworkTemplate;
			productReference = A3169DDE1DE06EF400BABAFD /* DGFrameworkTemplate.framework */;
			productType = "com.apple.product-type.framework";
		};
		A3169DEE1DE0718900BABAFD /* DGFrameworkTemplate-tvOS */ = {
			isa = PBXNativeTarget;
			buildConfigurationList = A3169E001DE0718900BABAFD /* Build configuration list for PBXNativeTarget "DGFrameworkTemplate-tvOS" */;
			buildPhases = (
				EFA65410B1988B5AD54C766A /* [CP] Check Pods Manifest.lock */,
				A3169DEA1DE0718900BABAFD /* Sources */,
				A3169DEB1DE0718900BABAFD /* Frameworks */,
				A3169DED1DE0718900BABAFD /* Resources */,
				A3169E061DE0727A00BABAFD /* Swiftlint */,
				A3169E281DE07B0500BABAFD /* Headers */,
				83CB54BBC2F49C5FC43FDEBA /* [CP] Copy Pods Resources */,
			);
			buildRules = (
			);
			dependencies = (
			);
			name = "DGFrameworkTemplate-tvOS";
			productName = DGFrameworkTemplate;
			productReference = A3169DEF1DE0718900BABAFD /* DGFrameworkTemplate.framework */;
			productType = "com.apple.product-type.framework";
		};
		A3169DF61DE0718900BABAFD /* DGFrameworkTemplateTests-tvOS */ = {
			isa = PBXNativeTarget;
			buildConfigurationList = A3169E031DE0718900BABAFD /* Build configuration list for PBXNativeTarget "DGFrameworkTemplateTests-tvOS" */;
			buildPhases = (
				750DC5D8819DAC156BEA4466 /* [CP] Check Pods Manifest.lock */,
				A3169DF31DE0718900BABAFD /* Sources */,
				A3169DF41DE0718900BABAFD /* Frameworks */,
				A3169DF51DE0718900BABAFD /* Resources */,
				6D42AA15C62E2FE77CB5AA4D /* [CP] Embed Pods Frameworks */,
				A1261CEEE41A16116DE52075 /* [CP] Copy Pods Resources */,
			);
			buildRules = (
			);
			dependencies = (
				A3169DFA1DE0718900BABAFD /* PBXTargetDependency */,
			);
			name = "DGFrameworkTemplateTests-tvOS";
			productName = DGFrameworkTemplateTests;
			productReference = A3169DF71DE0718900BABAFD /* DGFrameworkTemplateTests-tvOS.xctest */;
			productType = "com.apple.product-type.bundle.unit-test";
		};
		A3169E0B1DE072C700BABAFD /* DGFrameworkTemplate-OSX */ = {
			isa = PBXNativeTarget;
			buildConfigurationList = A3169E1D1DE072C800BABAFD /* Build configuration list for PBXNativeTarget "DGFrameworkTemplate-OSX" */;
			buildPhases = (
				1BD3B2B98AF152F8C32D93C6 /* [CP] Check Pods Manifest.lock */,
				A3169E071DE072C700BABAFD /* Sources */,
				A3169E081DE072C700BABAFD /* Frameworks */,
				A3169E0A1DE072C700BABAFD /* Resources */,
				A3169E231DE0732D00BABAFD /* Swiftlint */,
				A3169E2A1DE07B3E00BABAFD /* Headers */,
				CB48A42C75D7759FED22863F /* [CP] Copy Pods Resources */,
			);
			buildRules = (
			);
			dependencies = (
			);
			name = "DGFrameworkTemplate-OSX";
			productName = DGFrameworkTemplate;
			productReference = A3169E0C1DE072C700BABAFD /* DGFrameworkTemplate.framework */;
			productType = "com.apple.product-type.framework";
		};
		A3169E131DE072C800BABAFD /* DGFrameworkTemplateTests-OSX */ = {
			isa = PBXNativeTarget;
			buildConfigurationList = A3169E201DE072C800BABAFD /* Build configuration list for PBXNativeTarget "DGFrameworkTemplateTests-OSX" */;
			buildPhases = (
				9BA64278B6450646A4B98971 /* [CP] Check Pods Manifest.lock */,
				A3169E101DE072C800BABAFD /* Sources */,
				A3169E111DE072C800BABAFD /* Frameworks */,
				A3169E121DE072C800BABAFD /* Resources */,
				C144CFD87C29CD35CDF1D73F /* [CP] Embed Pods Frameworks */,
				960FBD11D6DFA6CF1E39D927 /* [CP] Copy Pods Resources */,
			);
			buildRules = (
			);
			dependencies = (
				A3169E171DE072C800BABAFD /* PBXTargetDependency */,
			);
			name = "DGFrameworkTemplateTests-OSX";
			productName = DGFrameworkTemplateTests;
			productReference = A3169E141DE072C800BABAFD /* DGFrameworkTemplateTests-OSX.xctest */;
			productType = "com.apple.product-type.bundle.unit-test";
		};
/* End PBXNativeTarget section */

/* Begin PBXProject section */
		A3169DA71DE05E8300BABAFD /* Project object */ = {
			isa = PBXProject;
			attributes = {
				LastSwiftUpdateCheck = 0810;
				LastUpgradeCheck = 0820;
				ORGANIZATIONNAME = Digipolitan;
				TargetAttributes = {
					A3169DAF1DE05E8300BABAFD = {
						CreatedOnToolsVersion = 8.1;
						DevelopmentTeam = 582762VK3P;
						ProvisioningStyle = Automatic;
					};
					A3169DB81DE05E8300BABAFD = {
						CreatedOnToolsVersion = 8.1;
						DevelopmentTeam = 582762VK3P;
						ProvisioningStyle = Automatic;
					};
					A3169DDD1DE06EF400BABAFD = {
						CreatedOnToolsVersion = 8.1;
						DevelopmentTeam = 582762VK3P;
						ProvisioningStyle = Automatic;
					};
					A3169DEE1DE0718900BABAFD = {
						CreatedOnToolsVersion = 8.1;
						DevelopmentTeam = 582762VK3P;
						LastSwiftMigration = 0810;
						ProvisioningStyle = Automatic;
					};
					A3169DF61DE0718900BABAFD = {
						CreatedOnToolsVersion = 8.1;
						DevelopmentTeam = 582762VK3P;
						ProvisioningStyle = Automatic;
					};
					A3169E0B1DE072C700BABAFD = {
						CreatedOnToolsVersion = 8.1;
						DevelopmentTeam = 582762VK3P;
						LastSwiftMigration = 0810;
						ProvisioningStyle = Automatic;
					};
					A3169E131DE072C800BABAFD = {
						CreatedOnToolsVersion = 8.1;
						DevelopmentTeam = 582762VK3P;
						ProvisioningStyle = Automatic;
					};
				};
			};
			buildConfigurationList = A3169DAA1DE05E8300BABAFD /* Build configuration list for PBXProject "DGFrameworkTemplate" */;
			compatibilityVersion = "Xcode 3.2";
			developmentRegion = English;
			hasScannedForEncodings = 0;
			knownRegions = (
				en,
			);
			mainGroup = A3169DA61DE05E8300BABAFD;
			productRefGroup = A3169DB11DE05E8300BABAFD /* Products */;
			projectDirPath = "";
			projectRoot = "";
			targets = (
				A3169DAF1DE05E8300BABAFD /* DGFrameworkTemplate-iOS */,
				A3169DB81DE05E8300BABAFD /* DGFrameworkTemplateTests-iOS */,
				A3169DDD1DE06EF400BABAFD /* DGFrameworkTemplate-watchOS */,
				A3169DEE1DE0718900BABAFD /* DGFrameworkTemplate-tvOS */,
				A3169DF61DE0718900BABAFD /* DGFrameworkTemplateTests-tvOS */,
				A3169E0B1DE072C700BABAFD /* DGFrameworkTemplate-OSX */,
				A3169E131DE072C800BABAFD /* DGFrameworkTemplateTests-OSX */,
			);
		};
/* End PBXProject section */

/* Begin PBXResourcesBuildPhase section */
		A3169DAE1DE05E8300BABAFD /* Resources */ = {
			isa = PBXResourcesBuildPhase;
			buildActionMask = 2147483647;
			files = (
			);
			runOnlyForDeploymentPostprocessing = 0;
		};
		A3169DB71DE05E8300BABAFD /* Resources */ = {
			isa = PBXResourcesBuildPhase;
			buildActionMask = 2147483647;
			files = (
			);
			runOnlyForDeploymentPostprocessing = 0;
		};
		A3169DDC1DE06EF400BABAFD /* Resources */ = {
			isa = PBXResourcesBuildPhase;
			buildActionMask = 2147483647;
			files = (
			);
			runOnlyForDeploymentPostprocessing = 0;
		};
		A3169DED1DE0718900BABAFD /* Resources */ = {
			isa = PBXResourcesBuildPhase;
			buildActionMask = 2147483647;
			files = (
			);
			runOnlyForDeploymentPostprocessing = 0;
		};
		A3169DF51DE0718900BABAFD /* Resources */ = {
			isa = PBXResourcesBuildPhase;
			buildActionMask = 2147483647;
			files = (
			);
			runOnlyForDeploymentPostprocessing = 0;
		};
		A3169E0A1DE072C700BABAFD /* Resources */ = {
			isa = PBXResourcesBuildPhase;
			buildActionMask = 2147483647;
			files = (
			);
			runOnlyForDeploymentPostprocessing = 0;
		};
		A3169E121DE072C800BABAFD /* Resources */ = {
			isa = PBXResourcesBuildPhase;
			buildActionMask = 2147483647;
			files = (
			);
			runOnlyForDeploymentPostprocessing = 0;
		};
/* End PBXResourcesBuildPhase section */

/* Begin PBXShellScriptBuildPhase section */
		1BD3B2B98AF152F8C32D93C6 /* [CP] Check Pods Manifest.lock */ = {
			isa = PBXShellScriptBuildPhase;
			buildActionMask = 2147483647;
			files = (
			);
			inputPaths = (
			);
			name = "[CP] Check Pods Manifest.lock";
			outputPaths = (
			);
			runOnlyForDeploymentPostprocessing = 0;
			shellPath = /bin/sh;
			shellScript = "diff \"${PODS_ROOT}/../Podfile.lock\" \"${PODS_ROOT}/Manifest.lock\" > /dev/null\nif [ $? != 0 ] ; then\n    # print error to STDERR\n    echo \"error: The sandbox is not in sync with the Podfile.lock. Run 'pod install' or update your CocoaPods installation.\" >&2\n    exit 1\nfi\n";
			showEnvVarsInLog = 0;
		};
		37FC180DFF00202BF29BED37 /* [CP] Copy Pods Resources */ = {
			isa = PBXShellScriptBuildPhase;
			buildActionMask = 2147483647;
			files = (
			);
			inputPaths = (
			);
			name = "[CP] Copy Pods Resources";
			outputPaths = (
			);
			runOnlyForDeploymentPostprocessing = 0;
			shellPath = /bin/sh;
			shellScript = "\"${SRCROOT}/Pods/Target Support Files/Pods-Frameworks-DGFrameworkTemplate-iOS/Pods-Frameworks-DGFrameworkTemplate-iOS-resources.sh\"\n";
			showEnvVarsInLog = 0;
		};
		43763C6A7B0D7EC4A68FE07D /* [CP] Embed Pods Frameworks */ = {
			isa = PBXShellScriptBuildPhase;
			buildActionMask = 2147483647;
			files = (
			);
			inputPaths = (
			);
			name = "[CP] Embed Pods Frameworks";
			outputPaths = (
			);
			runOnlyForDeploymentPostprocessing = 0;
			shellPath = /bin/sh;
			shellScript = "\"${SRCROOT}/Pods/Target Support Files/Pods-Tests-DGFrameworkTemplateTests-iOS/Pods-Tests-DGFrameworkTemplateTests-iOS-frameworks.sh\"\n";
			showEnvVarsInLog = 0;
		};
		6D42AA15C62E2FE77CB5AA4D /* [CP] Embed Pods Frameworks */ = {
			isa = PBXShellScriptBuildPhase;
			buildActionMask = 2147483647;
			files = (
			);
			inputPaths = (
			);
			name = "[CP] Embed Pods Frameworks";
			outputPaths = (
			);
			runOnlyForDeploymentPostprocessing = 0;
			shellPath = /bin/sh;
			shellScript = "\"${SRCROOT}/Pods/Target Support Files/Pods-Tests-DGFrameworkTemplateTests-tvOS/Pods-Tests-DGFrameworkTemplateTests-tvOS-frameworks.sh\"\n";
			showEnvVarsInLog = 0;
		};
		750DC5D8819DAC156BEA4466 /* [CP] Check Pods Manifest.lock */ = {
			isa = PBXShellScriptBuildPhase;
			buildActionMask = 2147483647;
			files = (
			);
			inputPaths = (
			);
			name = "[CP] Check Pods Manifest.lock";
			outputPaths = (
			);
			runOnlyForDeploymentPostprocessing = 0;
			shellPath = /bin/sh;
			shellScript = "diff \"${PODS_ROOT}/../Podfile.lock\" \"${PODS_ROOT}/Manifest.lock\" > /dev/null\nif [ $? != 0 ] ; then\n    # print error to STDERR\n    echo \"error: The sandbox is not in sync with the Podfile.lock. Run 'pod install' or update your CocoaPods installation.\" >&2\n    exit 1\nfi\n";
			showEnvVarsInLog = 0;
		};
		80809BEA7E15CFA5A5B2109D /* [CP] Check Pods Manifest.lock */ = {
			isa = PBXShellScriptBuildPhase;
			buildActionMask = 2147483647;
			files = (
			);
			inputPaths = (
			);
			name = "[CP] Check Pods Manifest.lock";
			outputPaths = (
			);
			runOnlyForDeploymentPostprocessing = 0;
			shellPath = /bin/sh;
			shellScript = "diff \"${PODS_ROOT}/../Podfile.lock\" \"${PODS_ROOT}/Manifest.lock\" > /dev/null\nif [ $? != 0 ] ; then\n    # print error to STDERR\n    echo \"error: The sandbox is not in sync with the Podfile.lock. Run 'pod install' or update your CocoaPods installation.\" >&2\n    exit 1\nfi\n";
			showEnvVarsInLog = 0;
		};
		83CB54BBC2F49C5FC43FDEBA /* [CP] Copy Pods Resources */ = {
			isa = PBXShellScriptBuildPhase;
			buildActionMask = 2147483647;
			files = (
			);
			inputPaths = (
			);
			name = "[CP] Copy Pods Resources";
			outputPaths = (
			);
			runOnlyForDeploymentPostprocessing = 0;
			shellPath = /bin/sh;
			shellScript = "\"${SRCROOT}/Pods/Target Support Files/Pods-Frameworks-DGFrameworkTemplate-tvOS/Pods-Frameworks-DGFrameworkTemplate-tvOS-resources.sh\"\n";
			showEnvVarsInLog = 0;
		};
		9230B7B1AECA727542936317 /* [CP] Check Pods Manifest.lock */ = {
			isa = PBXShellScriptBuildPhase;
			buildActionMask = 2147483647;
			files = (
			);
			inputPaths = (
			);
			name = "[CP] Check Pods Manifest.lock";
			outputPaths = (
			);
			runOnlyForDeploymentPostprocessing = 0;
			shellPath = /bin/sh;
			shellScript = "diff \"${PODS_ROOT}/../Podfile.lock\" \"${PODS_ROOT}/Manifest.lock\" > /dev/null\nif [ $? != 0 ] ; then\n    # print error to STDERR\n    echo \"error: The sandbox is not in sync with the Podfile.lock. Run 'pod install' or update your CocoaPods installation.\" >&2\n    exit 1\nfi\n";
			showEnvVarsInLog = 0;
		};
		929588168836F37746AE1E69 /* [CP] Copy Pods Resources */ = {
			isa = PBXShellScriptBuildPhase;
			buildActionMask = 2147483647;
			files = (
			);
			inputPaths = (
			);
			name = "[CP] Copy Pods Resources";
			outputPaths = (
			);
			runOnlyForDeploymentPostprocessing = 0;
			shellPath = /bin/sh;
			shellScript = "\"${SRCROOT}/Pods/Target Support Files/Pods-Tests-DGFrameworkTemplateTests-iOS/Pods-Tests-DGFrameworkTemplateTests-iOS-resources.sh\"\n";
			showEnvVarsInLog = 0;
		};
		960FBD11D6DFA6CF1E39D927 /* [CP] Copy Pods Resources */ = {
			isa = PBXShellScriptBuildPhase;
			buildActionMask = 2147483647;
			files = (
			);
			inputPaths = (
			);
			name = "[CP] Copy Pods Resources";
			outputPaths = (
			);
			runOnlyForDeploymentPostprocessing = 0;
			shellPath = /bin/sh;
			shellScript = "\"${SRCROOT}/Pods/Target Support Files/Pods-Tests-DGFrameworkTemplateTests-OSX/Pods-Tests-DGFrameworkTemplateTests-OSX-resources.sh\"\n";
			showEnvVarsInLog = 0;
		};
		9BA64278B6450646A4B98971 /* [CP] Check Pods Manifest.lock */ = {
			isa = PBXShellScriptBuildPhase;
			buildActionMask = 2147483647;
			files = (
			);
			inputPaths = (
			);
			name = "[CP] Check Pods Manifest.lock";
			outputPaths = (
			);
			runOnlyForDeploymentPostprocessing = 0;
			shellPath = /bin/sh;
			shellScript = "diff \"${PODS_ROOT}/../Podfile.lock\" \"${PODS_ROOT}/Manifest.lock\" > /dev/null\nif [ $? != 0 ] ; then\n    # print error to STDERR\n    echo \"error: The sandbox is not in sync with the Podfile.lock. Run 'pod install' or update your CocoaPods installation.\" >&2\n    exit 1\nfi\n";
			showEnvVarsInLog = 0;
		};
		A1261CEEE41A16116DE52075 /* [CP] Copy Pods Resources */ = {
			isa = PBXShellScriptBuildPhase;
			buildActionMask = 2147483647;
			files = (
			);
			inputPaths = (
			);
			name = "[CP] Copy Pods Resources";
			outputPaths = (
			);
			runOnlyForDeploymentPostprocessing = 0;
			shellPath = /bin/sh;
			shellScript = "\"${SRCROOT}/Pods/Target Support Files/Pods-Tests-DGFrameworkTemplateTests-tvOS/Pods-Tests-DGFrameworkTemplateTests-tvOS-resources.sh\"\n";
			showEnvVarsInLog = 0;
		};
		A3169DD81DE0654400BABAFD /* Swiftlint */ = {
			isa = PBXShellScriptBuildPhase;
			buildActionMask = 2147483647;
			files = (
			);
			inputPaths = (
			);
			name = Swiftlint;
			outputPaths = (
			);
			runOnlyForDeploymentPostprocessing = 0;
			shellPath = /bin/sh;
			shellScript = "if which swiftlint >/dev/null; then\n    swiftlint\nelse\n    echo \"warning: SwiftLint not installed, download from https://github.com/realm/SwiftLint\"\nfi";
		};
		A3169DE71DE06FB300BABAFD /* Swiftlint */ = {
			isa = PBXShellScriptBuildPhase;
			buildActionMask = 2147483647;
			files = (
			);
			inputPaths = (
			);
			name = Swiftlint;
			outputPaths = (
			);
			runOnlyForDeploymentPostprocessing = 0;
			shellPath = /bin/sh;
			shellScript = "if which swiftlint >/dev/null; then\n    swiftlint\nelse\n    echo \"warning: SwiftLint not installed, download from https://github.com/realm/SwiftLint\"\nfi";
		};
		A3169E061DE0727A00BABAFD /* Swiftlint */ = {
			isa = PBXShellScriptBuildPhase;
			buildActionMask = 2147483647;
			files = (
			);
			inputPaths = (
			);
			name = Swiftlint;
			outputPaths = (
			);
			runOnlyForDeploymentPostprocessing = 0;
			shellPath = /bin/sh;
			shellScript = "if which swiftlint >/dev/null; then\n    swiftlint\nelse\n    echo \"warning: SwiftLint not installed, download from https://github.com/realm/SwiftLint\"\nfi";
		};
		A3169E231DE0732D00BABAFD /* Swiftlint */ = {
			isa = PBXShellScriptBuildPhase;
			buildActionMask = 2147483647;
			files = (
			);
			inputPaths = (
			);
			name = Swiftlint;
			outputPaths = (
			);
			runOnlyForDeploymentPostprocessing = 0;
			shellPath = /bin/sh;
			shellScript = "if which swiftlint >/dev/null; then\n    swiftlint\nelse\n    echo \"warning: SwiftLint not installed, download from https://github.com/realm/SwiftLint\"\nfi";
		};
		A80649F2B1CF98092D4B9D87 /* [CP] Check Pods Manifest.lock */ = {
			isa = PBXShellScriptBuildPhase;
			buildActionMask = 2147483647;
			files = (
			);
			inputPaths = (
			);
			name = "[CP] Check Pods Manifest.lock";
			outputPaths = (
			);
			runOnlyForDeploymentPostprocessing = 0;
			shellPath = /bin/sh;
			shellScript = "diff \"${PODS_ROOT}/../Podfile.lock\" \"${PODS_ROOT}/Manifest.lock\" > /dev/null\nif [ $? != 0 ] ; then\n    # print error to STDERR\n    echo \"error: The sandbox is not in sync with the Podfile.lock. Run 'pod install' or update your CocoaPods installation.\" >&2\n    exit 1\nfi\n";
			showEnvVarsInLog = 0;
		};
		BFE01E23628F1626C7380CE4 /* [CP] Copy Pods Resources */ = {
			isa = PBXShellScriptBuildPhase;
			buildActionMask = 2147483647;
			files = (
			);
			inputPaths = (
			);
			name = "[CP] Copy Pods Resources";
			outputPaths = (
			);
			runOnlyForDeploymentPostprocessing = 0;
			shellPath = /bin/sh;
			shellScript = "\"${SRCROOT}/Pods/Target Support Files/Pods-Frameworks-DGFrameworkTemplate-watchOS/Pods-Frameworks-DGFrameworkTemplate-watchOS-resources.sh\"\n";
			showEnvVarsInLog = 0;
		};
		C144CFD87C29CD35CDF1D73F /* [CP] Embed Pods Frameworks */ = {
			isa = PBXShellScriptBuildPhase;
			buildActionMask = 2147483647;
			files = (
			);
			inputPaths = (
			);
			name = "[CP] Embed Pods Frameworks";
			outputPaths = (
			);
			runOnlyForDeploymentPostprocessing = 0;
			shellPath = /bin/sh;
			shellScript = "\"${SRCROOT}/Pods/Target Support Files/Pods-Tests-DGFrameworkTemplateTests-OSX/Pods-Tests-DGFrameworkTemplateTests-OSX-frameworks.sh\"\n";
			showEnvVarsInLog = 0;
		};
		CB48A42C75D7759FED22863F /* [CP] Copy Pods Resources */ = {
			isa = PBXShellScriptBuildPhase;
			buildActionMask = 2147483647;
			files = (
			);
			inputPaths = (
			);
			name = "[CP] Copy Pods Resources";
			outputPaths = (
			);
			runOnlyForDeploymentPostprocessing = 0;
			shellPath = /bin/sh;
			shellScript = "\"${SRCROOT}/Pods/Target Support Files/Pods-Frameworks-DGFrameworkTemplate-OSX/Pods-Frameworks-DGFrameworkTemplate-OSX-resources.sh\"\n";
			showEnvVarsInLog = 0;
		};
		EFA65410B1988B5AD54C766A /* [CP] Check Pods Manifest.lock */ = {
			isa = PBXShellScriptBuildPhase;
			buildActionMask = 2147483647;
			files = (
			);
			inputPaths = (
			);
			name = "[CP] Check Pods Manifest.lock";
			outputPaths = (
			);
			runOnlyForDeploymentPostprocessing = 0;
			shellPath = /bin/sh;
			shellScript = "diff \"${PODS_ROOT}/../Podfile.lock\" \"${PODS_ROOT}/Manifest.lock\" > /dev/null\nif [ $? != 0 ] ; then\n    # print error to STDERR\n    echo \"error: The sandbox is not in sync with the Podfile.lock. Run 'pod install' or update your CocoaPods installation.\" >&2\n    exit 1\nfi\n";
			showEnvVarsInLog = 0;
		};
/* End PBXShellScriptBuildPhase section */

/* Begin PBXSourcesBuildPhase section */
		A3169DAB1DE05E8300BABAFD /* Sources */ = {
			isa = PBXSourcesBuildPhase;
			buildActionMask = 2147483647;
			files = (
				A3169DD61DE0631900BABAFD /* TemplateClass.swift in Sources */,
			);
			runOnlyForDeploymentPostprocessing = 0;
		};
		A3169DB51DE05E8300BABAFD /* Sources */ = {
			isa = PBXSourcesBuildPhase;
			buildActionMask = 2147483647;
			files = (
				A38EF2CA1DECF97000637484 /* DGFrameworkTemplateTests.swift in Sources */,
			);
			runOnlyForDeploymentPostprocessing = 0;
		};
		A3169DD91DE06EF400BABAFD /* Sources */ = {
			isa = PBXSourcesBuildPhase;
			buildActionMask = 2147483647;
			files = (
				A3169DE81DE06FD100BABAFD /* TemplateClass.swift in Sources */,
			);
			runOnlyForDeploymentPostprocessing = 0;
		};
		A3169DEA1DE0718900BABAFD /* Sources */ = {
			isa = PBXSourcesBuildPhase;
			buildActionMask = 2147483647;
			files = (
				A3EAC50D1DE5FCBB00E4AA5E /* TemplateClass.swift in Sources */,
			);
			runOnlyForDeploymentPostprocessing = 0;
		};
		A3169DF31DE0718900BABAFD /* Sources */ = {
			isa = PBXSourcesBuildPhase;
			buildActionMask = 2147483647;
			files = (
				A38EF2CB1DECF97000637484 /* DGFrameworkTemplateTests.swift in Sources */,
			);
			runOnlyForDeploymentPostprocessing = 0;
		};
		A3169E071DE072C700BABAFD /* Sources */ = {
			isa = PBXSourcesBuildPhase;
			buildActionMask = 2147483647;
			files = (
				A3EAC50C1DE5FCBA00E4AA5E /* TemplateClass.swift in Sources */,
			);
			runOnlyForDeploymentPostprocessing = 0;
		};
		A3169E101DE072C800BABAFD /* Sources */ = {
			isa = PBXSourcesBuildPhase;
			buildActionMask = 2147483647;
			files = (
				A38EF2CC1DECF97000637484 /* DGFrameworkTemplateTests.swift in Sources */,
			);
			runOnlyForDeploymentPostprocessing = 0;
		};
/* End PBXSourcesBuildPhase section */

/* Begin PBXTargetDependency section */
		A3169DBC1DE05E8300BABAFD /* PBXTargetDependency */ = {
			isa = PBXTargetDependency;
			target = A3169DAF1DE05E8300BABAFD /* DGFrameworkTemplate-iOS */;
			targetProxy = A3169DBB1DE05E8300BABAFD /* PBXContainerItemProxy */;
		};
		A3169DFA1DE0718900BABAFD /* PBXTargetDependency */ = {
			isa = PBXTargetDependency;
			target = A3169DEE1DE0718900BABAFD /* DGFrameworkTemplate-tvOS */;
			targetProxy = A3169DF91DE0718900BABAFD /* PBXContainerItemProxy */;
		};
		A3169E171DE072C800BABAFD /* PBXTargetDependency */ = {
			isa = PBXTargetDependency;
			target = A3169E0B1DE072C700BABAFD /* DGFrameworkTemplate-OSX */;
			targetProxy = A3169E161DE072C800BABAFD /* PBXContainerItemProxy */;
		};
/* End PBXTargetDependency section */

/* Begin XCBuildConfiguration section */
		A3169DC21DE05E8300BABAFD /* Debug */ = {
			isa = XCBuildConfiguration;
			buildSettings = {
				ALWAYS_SEARCH_USER_PATHS = NO;
				CLANG_ANALYZER_NONNULL = YES;
				CLANG_CXX_LANGUAGE_STANDARD = "gnu++0x";
				CLANG_CXX_LIBRARY = "libc++";
				CLANG_ENABLE_OBJC_ARC = YES;
				CLANG_WARN_BOOL_CONVERSION = YES;
				CLANG_WARN_CONSTANT_CONVERSION = YES;
				CLANG_WARN_DIRECT_OBJC_ISA_USAGE = YES_ERROR;
				CLANG_WARN_DOCUMENTATION_COMMENTS = YES;
				CLANG_WARN_EMPTY_BODY = YES;
				CLANG_WARN_ENUM_CONVERSION = YES;
				CLANG_WARN_INFINITE_RECURSION = YES;
				CLANG_WARN_INT_CONVERSION = YES;
				CLANG_WARN_OBJC_ROOT_CLASS = YES_ERROR;
				CLANG_WARN_SUSPICIOUS_MOVE = YES;
				CLANG_WARN_SUSPICIOUS_MOVES = YES;
				CLANG_WARN_UNREACHABLE_CODE = YES;
				CLANG_WARN__DUPLICATE_METHOD_MATCH = YES;
				COPY_PHASE_STRIP = NO;
				CURRENT_PROJECT_VERSION = 1;
				DEBUG_INFORMATION_FORMAT = dwarf;
				ENABLE_STRICT_OBJC_MSGSEND = YES;
				ENABLE_TESTABILITY = YES;
				GCC_C_LANGUAGE_STANDARD = gnu99;
				GCC_DYNAMIC_NO_PIC = NO;
				GCC_NO_COMMON_BLOCKS = YES;
				GCC_OPTIMIZATION_LEVEL = 0;
				GCC_PREPROCESSOR_DEFINITIONS = (
					"DEBUG=1",
					"$(inherited)",
				);
				GCC_WARN_64_TO_32_BIT_CONVERSION = YES;
				GCC_WARN_ABOUT_RETURN_TYPE = YES_ERROR;
				GCC_WARN_UNDECLARED_SELECTOR = YES;
				GCC_WARN_UNINITIALIZED_AUTOS = YES_AGGRESSIVE;
				GCC_WARN_UNUSED_FUNCTION = YES;
				GCC_WARN_UNUSED_VARIABLE = YES;
				IPHONEOS_DEPLOYMENT_TARGET = 8.0;
				MTL_ENABLE_DEBUG_INFO = YES;
				ONLY_ACTIVE_ARCH = YES;
				SDKROOT = iphoneos;
				SWIFT_ACTIVE_COMPILATION_CONDITIONS = DEBUG;
				SWIFT_OPTIMIZATION_LEVEL = "-Onone";
				SWIFT_VERSION = 3.0;
				TARGETED_DEVICE_FAMILY = "1,2";
				VERSIONING_SYSTEM = "apple-generic";
				VERSION_INFO_PREFIX = "";
			};
			name = Debug;
		};
		A3169DC31DE05E8300BABAFD /* Release */ = {
			isa = XCBuildConfiguration;
			buildSettings = {
				ALWAYS_SEARCH_USER_PATHS = NO;
				CLANG_ANALYZER_NONNULL = YES;
				CLANG_CXX_LANGUAGE_STANDARD = "gnu++0x";
				CLANG_CXX_LIBRARY = "libc++";
				CLANG_ENABLE_OBJC_ARC = YES;
				CLANG_WARN_BOOL_CONVERSION = YES;
				CLANG_WARN_CONSTANT_CONVERSION = YES;
				CLANG_WARN_DIRECT_OBJC_ISA_USAGE = YES_ERROR;
				CLANG_WARN_DOCUMENTATION_COMMENTS = YES;
				CLANG_WARN_EMPTY_BODY = YES;
				CLANG_WARN_ENUM_CONVERSION = YES;
				CLANG_WARN_INFINITE_RECURSION = YES;
				CLANG_WARN_INT_CONVERSION = YES;
				CLANG_WARN_OBJC_ROOT_CLASS = YES_ERROR;
				CLANG_WARN_SUSPICIOUS_MOVE = YES;
				CLANG_WARN_SUSPICIOUS_MOVES = YES;
				CLANG_WARN_UNREACHABLE_CODE = YES;
				CLANG_WARN__DUPLICATE_METHOD_MATCH = YES;
				COPY_PHASE_STRIP = NO;
				CURRENT_PROJECT_VERSION = 1;
				DEBUG_INFORMATION_FORMAT = "dwarf-with-dsym";
				ENABLE_NS_ASSERTIONS = NO;
				ENABLE_STRICT_OBJC_MSGSEND = YES;
				GCC_C_LANGUAGE_STANDARD = gnu99;
				GCC_NO_COMMON_BLOCKS = YES;
				GCC_WARN_64_TO_32_BIT_CONVERSION = YES;
				GCC_WARN_ABOUT_RETURN_TYPE = YES_ERROR;
				GCC_WARN_UNDECLARED_SELECTOR = YES;
				GCC_WARN_UNINITIALIZED_AUTOS = YES_AGGRESSIVE;
				GCC_WARN_UNUSED_FUNCTION = YES;
				GCC_WARN_UNUSED_VARIABLE = YES;
				IPHONEOS_DEPLOYMENT_TARGET = 8.0;
				MTL_ENABLE_DEBUG_INFO = NO;
				SDKROOT = iphoneos;
				SWIFT_OPTIMIZATION_LEVEL = "-Owholemodule";
				SWIFT_VERSION = 3.0;
				TARGETED_DEVICE_FAMILY = "1,2";
				VALIDATE_PRODUCT = YES;
				VERSIONING_SYSTEM = "apple-generic";
				VERSION_INFO_PREFIX = "";
			};
			name = Release;
		};
		A3169DC51DE05E8300BABAFD /* Debug */ = {
			isa = XCBuildConfiguration;
			baseConfigurationReference = CFC5B10B02A772CB8346E034 /* Pods-Frameworks-DGFrameworkTemplate-iOS.debug.xcconfig */;
			buildSettings = {
				CLANG_ENABLE_MODULES = YES;
				CODE_SIGN_IDENTITY = "iPhone Developer";
				"CODE_SIGN_IDENTITY[sdk=iphoneos*]" = "";
				DEFINES_MODULE = YES;
				DEVELOPMENT_TEAM = 582762VK3P;
				DYLIB_COMPATIBILITY_VERSION = 1;
				DYLIB_INSTALL_NAME_BASE = "@rpath";
				INFOPLIST_FILE = Sources/Info.plist;
				INSTALL_PATH = "$(LOCAL_LIBRARY_DIR)/Frameworks";
				LD_RUNPATH_SEARCH_PATHS = "$(inherited) @executable_path/Frameworks @loader_path/Frameworks";
				PRODUCT_BUNDLE_IDENTIFIER = com.digipolitan.DGFrameworkTemplate;
				PRODUCT_NAME = DGFrameworkTemplate;
				SKIP_INSTALL = YES;
			};
			name = Debug;
		};
		A3169DC61DE05E8300BABAFD /* Release */ = {
			isa = XCBuildConfiguration;
			baseConfigurationReference = 6DA7EE61CC6565E34194D504 /* Pods-Frameworks-DGFrameworkTemplate-iOS.release.xcconfig */;
			buildSettings = {
				CLANG_ENABLE_MODULES = YES;
				CODE_SIGN_IDENTITY = "iPhone Developer";
				"CODE_SIGN_IDENTITY[sdk=iphoneos*]" = "";
				DEFINES_MODULE = YES;
				DEVELOPMENT_TEAM = 582762VK3P;
				DYLIB_COMPATIBILITY_VERSION = 1;
				DYLIB_INSTALL_NAME_BASE = "@rpath";
				INFOPLIST_FILE = Sources/Info.plist;
				INSTALL_PATH = "$(LOCAL_LIBRARY_DIR)/Frameworks";
				LD_RUNPATH_SEARCH_PATHS = "$(inherited) @executable_path/Frameworks @loader_path/Frameworks";
				PRODUCT_BUNDLE_IDENTIFIER = com.digipolitan.DGFrameworkTemplate;
				PRODUCT_NAME = DGFrameworkTemplate;
				SKIP_INSTALL = YES;
			};
			name = Release;
		};
		A3169DC81DE05E8300BABAFD /* Debug */ = {
			isa = XCBuildConfiguration;
			baseConfigurationReference = D776071E122693494B9F83DE /* Pods-Tests-DGFrameworkTemplateTests-iOS.debug.xcconfig */;
			buildSettings = {
				ALWAYS_EMBED_SWIFT_STANDARD_LIBRARIES = "$(inherited)";
				CURRENT_PROJECT_VERSION = 1;
				DEVELOPMENT_TEAM = 582762VK3P;
				INFOPLIST_FILE = Tests/Info.plist;
				LD_RUNPATH_SEARCH_PATHS = "$(inherited) @executable_path/Frameworks @loader_path/Frameworks";
				PRODUCT_BUNDLE_IDENTIFIER = com.digipolitan.DGFrameworkTemplateTests;
				PRODUCT_NAME = "$(TARGET_NAME)";
			};
			name = Debug;
		};
		A3169DC91DE05E8300BABAFD /* Release */ = {
			isa = XCBuildConfiguration;
			baseConfigurationReference = 41F127338C7A850CD2EEF4F5 /* Pods-Tests-DGFrameworkTemplateTests-iOS.release.xcconfig */;
			buildSettings = {
				ALWAYS_EMBED_SWIFT_STANDARD_LIBRARIES = "$(inherited)";
				CURRENT_PROJECT_VERSION = 1;
				DEVELOPMENT_TEAM = 582762VK3P;
				INFOPLIST_FILE = Tests/Info.plist;
				LD_RUNPATH_SEARCH_PATHS = "$(inherited) @executable_path/Frameworks @loader_path/Frameworks";
				PRODUCT_BUNDLE_IDENTIFIER = com.digipolitan.DGFrameworkTemplateTests;
				PRODUCT_NAME = "$(TARGET_NAME)";
			};
			name = Release;
		};
		A3169DE41DE06EF400BABAFD /* Debug */ = {
			isa = XCBuildConfiguration;
			baseConfigurationReference = 2F23369CB12119CE0B4CFCE3 /* Pods-Frameworks-DGFrameworkTemplate-watchOS.debug.xcconfig */;
			buildSettings = {
				APPLICATION_EXTENSION_API_ONLY = YES;
				CLANG_ENABLE_MODULES = YES;
				"CODE_SIGN_IDENTITY[sdk=watchos*]" = "";
				DEFINES_MODULE = YES;
				DEVELOPMENT_TEAM = 582762VK3P;
				DYLIB_COMPATIBILITY_VERSION = 1;
				DYLIB_INSTALL_NAME_BASE = "@rpath";
				INFOPLIST_FILE = Sources/Info.plist;
				INSTALL_PATH = "$(LOCAL_LIBRARY_DIR)/Frameworks";
				LD_RUNPATH_SEARCH_PATHS = "$(inherited) @executable_path/Frameworks @loader_path/Frameworks";
				PRODUCT_BUNDLE_IDENTIFIER = com.digipolitan.DGFrameworkTemplate;
				PRODUCT_NAME = DGFrameworkTemplate;
				SDKROOT = watchos;
				SKIP_INSTALL = YES;
				TARGETED_DEVICE_FAMILY = 4;
				WATCHOS_DEPLOYMENT_TARGET = 2.0;
			};
			name = Debug;
		};
		A3169DE51DE06EF400BABAFD /* Release */ = {
			isa = XCBuildConfiguration;
			baseConfigurationReference = 18F7939B36FDA0910AA59B34 /* Pods-Frameworks-DGFrameworkTemplate-watchOS.release.xcconfig */;
			buildSettings = {
				APPLICATION_EXTENSION_API_ONLY = YES;
				CLANG_ENABLE_MODULES = YES;
				"CODE_SIGN_IDENTITY[sdk=watchos*]" = "";
				DEFINES_MODULE = YES;
				DEVELOPMENT_TEAM = 582762VK3P;
				DYLIB_COMPATIBILITY_VERSION = 1;
				DYLIB_INSTALL_NAME_BASE = "@rpath";
				INFOPLIST_FILE = Sources/Info.plist;
				INSTALL_PATH = "$(LOCAL_LIBRARY_DIR)/Frameworks";
				LD_RUNPATH_SEARCH_PATHS = "$(inherited) @executable_path/Frameworks @loader_path/Frameworks";
				PRODUCT_BUNDLE_IDENTIFIER = com.digipolitan.DGFrameworkTemplate;
				PRODUCT_NAME = DGFrameworkTemplate;
				SDKROOT = watchos;
				SKIP_INSTALL = YES;
				TARGETED_DEVICE_FAMILY = 4;
				WATCHOS_DEPLOYMENT_TARGET = 2.0;
			};
			name = Release;
		};
		A3169E011DE0718900BABAFD /* Debug */ = {
			isa = XCBuildConfiguration;
			baseConfigurationReference = 14E938AE7A9E60C8AF33C59B /* Pods-Frameworks-DGFrameworkTemplate-tvOS.debug.xcconfig */;
			buildSettings = {
				CLANG_ENABLE_MODULES = YES;
				"CODE_SIGN_IDENTITY[sdk=appletvos*]" = "";
				DEFINES_MODULE = YES;
				DEVELOPMENT_TEAM = 582762VK3P;
				DYLIB_COMPATIBILITY_VERSION = 1;
				DYLIB_INSTALL_NAME_BASE = "@rpath";
				INFOPLIST_FILE = Sources/Info.plist;
				INSTALL_PATH = "$(LOCAL_LIBRARY_DIR)/Frameworks";
				LD_RUNPATH_SEARCH_PATHS = "$(inherited) @executable_path/Frameworks @loader_path/Frameworks";
				PRODUCT_BUNDLE_IDENTIFIER = com.digipolitan.DGFrameworkTemplate;
				PRODUCT_NAME = DGFrameworkTemplate;
				SDKROOT = appletvos;
				SKIP_INSTALL = YES;
				SWIFT_OPTIMIZATION_LEVEL = "-Onone";
				TARGETED_DEVICE_FAMILY = 3;
				TVOS_DEPLOYMENT_TARGET = 9.0;
			};
			name = Debug;
		};
		A3169E021DE0718900BABAFD /* Release */ = {
			isa = XCBuildConfiguration;
			baseConfigurationReference = 8CD9AC0429898A880C9B3317 /* Pods-Frameworks-DGFrameworkTemplate-tvOS.release.xcconfig */;
			buildSettings = {
				CLANG_ENABLE_MODULES = YES;
				"CODE_SIGN_IDENTITY[sdk=appletvos*]" = "";
				DEFINES_MODULE = YES;
				DEVELOPMENT_TEAM = 582762VK3P;
				DYLIB_COMPATIBILITY_VERSION = 1;
				DYLIB_INSTALL_NAME_BASE = "@rpath";
				INFOPLIST_FILE = Sources/Info.plist;
				INSTALL_PATH = "$(LOCAL_LIBRARY_DIR)/Frameworks";
				LD_RUNPATH_SEARCH_PATHS = "$(inherited) @executable_path/Frameworks @loader_path/Frameworks";
				PRODUCT_BUNDLE_IDENTIFIER = com.digipolitan.DGFrameworkTemplate;
				PRODUCT_NAME = DGFrameworkTemplate;
				SDKROOT = appletvos;
				SKIP_INSTALL = YES;
				TARGETED_DEVICE_FAMILY = 3;
				TVOS_DEPLOYMENT_TARGET = 9.0;
			};
			name = Release;
		};
		A3169E041DE0718900BABAFD /* Debug */ = {
			isa = XCBuildConfiguration;
			baseConfigurationReference = 486CAA196CD9ED1BD4FB196C /* Pods-Tests-DGFrameworkTemplateTests-tvOS.debug.xcconfig */;
			buildSettings = {
				ALWAYS_EMBED_SWIFT_STANDARD_LIBRARIES = "$(inherited)";
				CURRENT_PROJECT_VERSION = 1;
				DEVELOPMENT_TEAM = 582762VK3P;
				INFOPLIST_FILE = Tests/Info.plist;
				LD_RUNPATH_SEARCH_PATHS = "$(inherited) @executable_path/Frameworks @loader_path/Frameworks";
				PRODUCT_BUNDLE_IDENTIFIER = com.digipolitan.DGFrameworkTemplateTests;
				PRODUCT_NAME = "$(TARGET_NAME)";
				SDKROOT = appletvos;
				TVOS_DEPLOYMENT_TARGET = 10.0;
			};
			name = Debug;
		};
		A3169E051DE0718900BABAFD /* Release */ = {
			isa = XCBuildConfiguration;
			baseConfigurationReference = E2D4533D19F6E7CF4D1C321F /* Pods-Tests-DGFrameworkTemplateTests-tvOS.release.xcconfig */;
			buildSettings = {
				ALWAYS_EMBED_SWIFT_STANDARD_LIBRARIES = "$(inherited)";
				CURRENT_PROJECT_VERSION = 1;
				DEVELOPMENT_TEAM = 582762VK3P;
				INFOPLIST_FILE = Tests/Info.plist;
				LD_RUNPATH_SEARCH_PATHS = "$(inherited) @executable_path/Frameworks @loader_path/Frameworks";
				PRODUCT_BUNDLE_IDENTIFIER = com.digipolitan.DGFrameworkTemplateTests;
				PRODUCT_NAME = "$(TARGET_NAME)";
				SDKROOT = appletvos;
				TVOS_DEPLOYMENT_TARGET = 10.0;
			};
			name = Release;
		};
		A3169E1E1DE072C800BABAFD /* Debug */ = {
			isa = XCBuildConfiguration;
			baseConfigurationReference = A708025C7167A7EF3A207CEF /* Pods-Frameworks-DGFrameworkTemplate-OSX.debug.xcconfig */;
			buildSettings = {
				CLANG_ENABLE_MODULES = YES;
				CODE_SIGN_IDENTITY = "";
				COMBINE_HIDPI_IMAGES = YES;
				DEFINES_MODULE = YES;
				DEVELOPMENT_TEAM = 582762VK3P;
				DYLIB_COMPATIBILITY_VERSION = 1;
				DYLIB_INSTALL_NAME_BASE = "@rpath";
				FRAMEWORK_VERSION = A;
				INFOPLIST_FILE = Sources/Info.plist;
				INSTALL_PATH = "$(LOCAL_LIBRARY_DIR)/Frameworks";
				LD_RUNPATH_SEARCH_PATHS = "$(inherited) @executable_path/../Frameworks @loader_path/Frameworks";
				MACOSX_DEPLOYMENT_TARGET = 10.9;
				PRODUCT_BUNDLE_IDENTIFIER = com.digipolitan.DGFrameworkTemplate;
				PRODUCT_NAME = DGFrameworkTemplate;
				SDKROOT = macosx;
				SKIP_INSTALL = YES;
				SWIFT_OPTIMIZATION_LEVEL = "-Onone";
			};
			name = Debug;
		};
		A3169E1F1DE072C800BABAFD /* Release */ = {
			isa = XCBuildConfiguration;
			baseConfigurationReference = E6172609921DF9DEE2B5BC15 /* Pods-Frameworks-DGFrameworkTemplate-OSX.release.xcconfig */;
			buildSettings = {
				CLANG_ENABLE_MODULES = YES;
				CODE_SIGN_IDENTITY = "";
				COMBINE_HIDPI_IMAGES = YES;
				DEFINES_MODULE = YES;
				DEVELOPMENT_TEAM = 582762VK3P;
				DYLIB_COMPATIBILITY_VERSION = 1;
				DYLIB_INSTALL_NAME_BASE = "@rpath";
				FRAMEWORK_VERSION = A;
				INFOPLIST_FILE = Sources/Info.plist;
				INSTALL_PATH = "$(LOCAL_LIBRARY_DIR)/Frameworks";
				LD_RUNPATH_SEARCH_PATHS = "$(inherited) @executable_path/../Frameworks @loader_path/Frameworks";
				MACOSX_DEPLOYMENT_TARGET = 10.9;
				PRODUCT_BUNDLE_IDENTIFIER = com.digipolitan.DGFrameworkTemplate;
				PRODUCT_NAME = DGFrameworkTemplate;
				SDKROOT = macosx;
				SKIP_INSTALL = YES;
			};
			name = Release;
		};
		A3169E211DE072C800BABAFD /* Debug */ = {
			isa = XCBuildConfiguration;
			baseConfigurationReference = BD2CFB22820BF20E1BE7EBE6 /* Pods-Tests-DGFrameworkTemplateTests-OSX.debug.xcconfig */;
			buildSettings = {
				ALWAYS_EMBED_SWIFT_STANDARD_LIBRARIES = "$(inherited)";
				COMBINE_HIDPI_IMAGES = YES;
				CURRENT_PROJECT_VERSION = 1;
				DEVELOPMENT_TEAM = 582762VK3P;
				INFOPLIST_FILE = Tests/Info.plist;
				LD_RUNPATH_SEARCH_PATHS = "$(inherited) @executable_path/../Frameworks @loader_path/../Frameworks";
				MACOSX_DEPLOYMENT_TARGET = 10.12;
				PRODUCT_BUNDLE_IDENTIFIER = com.digipolitan.DGFrameworkTemplateTests;
				PRODUCT_NAME = "$(TARGET_NAME)";
				SDKROOT = macosx;
			};
			name = Debug;
		};
		A3169E221DE072C800BABAFD /* Release */ = {
			isa = XCBuildConfiguration;
			baseConfigurationReference = DD5250ABFACEF3D037F325BB /* Pods-Tests-DGFrameworkTemplateTests-OSX.release.xcconfig */;
			buildSettings = {
				ALWAYS_EMBED_SWIFT_STANDARD_LIBRARIES = "$(inherited)";
				COMBINE_HIDPI_IMAGES = YES;
				CURRENT_PROJECT_VERSION = 1;
				DEVELOPMENT_TEAM = 582762VK3P;
				INFOPLIST_FILE = Tests/Info.plist;
				LD_RUNPATH_SEARCH_PATHS = "$(inherited) @executable_path/../Frameworks @loader_path/../Frameworks";
				MACOSX_DEPLOYMENT_TARGET = 10.12;
				PRODUCT_BUNDLE_IDENTIFIER = com.digipolitan.DGFrameworkTemplateTests;
				PRODUCT_NAME = "$(TARGET_NAME)";
				SDKROOT = macosx;
			};
			name = Release;
		};
/* End XCBuildConfiguration section */

/* Begin XCConfigurationList section */
		A3169DAA1DE05E8300BABAFD /* Build configuration list for PBXProject "DGFrameworkTemplate" */ = {
			isa = XCConfigurationList;
			buildConfigurations = (
				A3169DC21DE05E8300BABAFD /* Debug */,
				A3169DC31DE05E8300BABAFD /* Release */,
			);
			defaultConfigurationIsVisible = 0;
			defaultConfigurationName = Release;
		};
		A3169DC41DE05E8300BABAFD /* Build configuration list for PBXNativeTarget "DGFrameworkTemplate-iOS" */ = {
			isa = XCConfigurationList;
			buildConfigurations = (
				A3169DC51DE05E8300BABAFD /* Debug */,
				A3169DC61DE05E8300BABAFD /* Release */,
			);
			defaultConfigurationIsVisible = 0;
			defaultConfigurationName = Release;
		};
		A3169DC71DE05E8300BABAFD /* Build configuration list for PBXNativeTarget "DGFrameworkTemplateTests-iOS" */ = {
			isa = XCConfigurationList;
			buildConfigurations = (
				A3169DC81DE05E8300BABAFD /* Debug */,
				A3169DC91DE05E8300BABAFD /* Release */,
			);
			defaultConfigurationIsVisible = 0;
			defaultConfigurationName = Release;
		};
		A3169DE31DE06EF400BABAFD /* Build configuration list for PBXNativeTarget "DGFrameworkTemplate-watchOS" */ = {
			isa = XCConfigurationList;
			buildConfigurations = (
				A3169DE41DE06EF400BABAFD /* Debug */,
				A3169DE51DE06EF400BABAFD /* Release */,
			);
			defaultConfigurationIsVisible = 0;
			defaultConfigurationName = Release;
		};
		A3169E001DE0718900BABAFD /* Build configuration list for PBXNativeTarget "DGFrameworkTemplate-tvOS" */ = {
			isa = XCConfigurationList;
			buildConfigurations = (
				A3169E011DE0718900BABAFD /* Debug */,
				A3169E021DE0718900BABAFD /* Release */,
			);
			defaultConfigurationIsVisible = 0;
			defaultConfigurationName = Release;
		};
		A3169E031DE0718900BABAFD /* Build configuration list for PBXNativeTarget "DGFrameworkTemplateTests-tvOS" */ = {
			isa = XCConfigurationList;
			buildConfigurations = (
				A3169E041DE0718900BABAFD /* Debug */,
				A3169E051DE0718900BABAFD /* Release */,
			);
			defaultConfigurationIsVisible = 0;
			defaultConfigurationName = Release;
		};
		A3169E1D1DE072C800BABAFD /* Build configuration list for PBXNativeTarget "DGFrameworkTemplate-OSX" */ = {
			isa = XCConfigurationList;
			buildConfigurations = (
				A3169E1E1DE072C800BABAFD /* Debug */,
				A3169E1F1DE072C800BABAFD /* Release */,
			);
			defaultConfigurationIsVisible = 0;
			defaultConfigurationName = Release;
		};
		A3169E201DE072C800BABAFD /* Build configuration list for PBXNativeTarget "DGFrameworkTemplateTests-OSX" */ = {
			isa = XCConfigurationList;
			buildConfigurations = (
				A3169E211DE072C800BABAFD /* Debug */,
				A3169E221DE072C800BABAFD /* Release */,
			);
			defaultConfigurationIsVisible = 0;
			defaultConfigurationName = Release;
		};
/* End XCConfigurationList section */
	};
	rootObject = A3169DA71DE05E8300BABAFD /* Project object */;
}
