// !$*UTF8*$!
{
	archiveVersion = 1;
	classes = {
	};
	objectVersion = 46;
	objects = {

/* Begin PBXBuildFile section */
		80A0F5A7F9576DC6A1B9C196 /* Pods_Frameworks_DGCollectionViewGridLayout_iOS.framework in Frameworks */ = {isa = PBXBuildFile; fileRef = 29A4148AD88594E9E64A9C33 /* Pods_Frameworks_DGCollectionViewGridLayout_iOS.framework */; };
		90814C946970534771FED99E /* Pods_Tests_DGCollectionViewGridLayoutTests_iOS.framework in Frameworks */ = {isa = PBXBuildFile; fileRef = 8A66CEC6D7F848E2B8B1CA8C /* Pods_Tests_DGCollectionViewGridLayoutTests_iOS.framework */; };
		A3169DBA1DE05E8300BABAFD /* DGCollectionViewGridLayout.framework in Frameworks */ = {isa = PBXBuildFile; fileRef = A3169DB01DE05E8300BABAFD /* DGCollectionViewGridLayout.framework */; };
		A3169E761DE083D900BABAFD /* DGCollectionViewGridLayout.h in Headers */ = {isa = PBXBuildFile; fileRef = A3169E751DE083D900BABAFD /* DGCollectionViewGridLayout.h */; settings = {ATTRIBUTES = (Public, ); }; };
		A38EF2CA1DECF97000637484 /* DGCollectionViewGridLayoutTests.swift in Sources */ = {isa = PBXBuildFile; fileRef = A38EF2C71DECF97000637484 /* DGCollectionViewGridLayoutTests.swift */; };
		AED4432B1E1F9C9F00AD7D62 /* DGGridCollectionFlowLayout.swift in Sources */ = {isa = PBXBuildFile; fileRef = AED4432A1E1F9C9F00AD7D62 /* DGGridCollectionFlowLayout.swift */; };
/* End PBXBuildFile section */

/* Begin PBXContainerItemProxy section */
		A3169DBB1DE05E8300BABAFD /* PBXContainerItemProxy */ = {
			isa = PBXContainerItemProxy;
			containerPortal = A3169DA71DE05E8300BABAFD /* Project object */;
			proxyType = 1;
			remoteGlobalIDString = A3169DAF1DE05E8300BABAFD;
			remoteInfo = DGCollectionViewGridLayout;
		};
/* End PBXContainerItemProxy section */

/* Begin PBXFileReference section */
		29A4148AD88594E9E64A9C33 /* Pods_Frameworks_DGCollectionViewGridLayout_iOS.framework */ = {isa = PBXFileReference; explicitFileType = wrapper.framework; includeInIndex = 0; path = Pods_Frameworks_DGCollectionViewGridLayout_iOS.framework; sourceTree = BUILT_PRODUCTS_DIR; };
		35FCDEF4924A022C2077C3A2 /* Pods-Tests-DGCollectionViewGridLayoutTests-iOS.release.xcconfig */ = {isa = PBXFileReference; includeInIndex = 1; lastKnownFileType = text.xcconfig; name = "Pods-Tests-DGCollectionViewGridLayoutTests-iOS.release.xcconfig"; path = "Pods/Target Support Files/Pods-Tests-DGCollectionViewGridLayoutTests-iOS/Pods-Tests-DGCollectionViewGridLayoutTests-iOS.release.xcconfig"; sourceTree = "<group>"; };
		8A66CEC6D7F848E2B8B1CA8C /* Pods_Tests_DGCollectionViewGridLayoutTests_iOS.framework */ = {isa = PBXFileReference; explicitFileType = wrapper.framework; includeInIndex = 0; path = Pods_Tests_DGCollectionViewGridLayoutTests_iOS.framework; sourceTree = BUILT_PRODUCTS_DIR; };
		A3169DB01DE05E8300BABAFD /* DGCollectionViewGridLayout.framework */ = {isa = PBXFileReference; explicitFileType = wrapper.framework; includeInIndex = 0; path = DGCollectionViewGridLayout.framework; sourceTree = BUILT_PRODUCTS_DIR; };
		A3169DB91DE05E8300BABAFD /* DGCollectionViewGridLayoutTests-iOS.xctest */ = {isa = PBXFileReference; explicitFileType = wrapper.cfbundle; includeInIndex = 0; path = "DGCollectionViewGridLayoutTests-iOS.xctest"; sourceTree = BUILT_PRODUCTS_DIR; };
		A3169DCC1DE0629100BABAFD /* Info.plist */ = {isa = PBXFileReference; fileEncoding = 4; lastKnownFileType = text.plist.xml; path = Info.plist; sourceTree = "<group>"; };
		A3169DD11DE062A000BABAFD /* Info.plist */ = {isa = PBXFileReference; fileEncoding = 4; lastKnownFileType = text.plist.xml; path = Info.plist; sourceTree = "<group>"; };
		A3169DDE1DE06EF400BABAFD /* DGCollectionViewGridLayout.framework */ = {isa = PBXFileReference; explicitFileType = wrapper.framework; includeInIndex = 0; path = DGCollectionViewGridLayout.framework; sourceTree = BUILT_PRODUCTS_DIR; };
		A3169DEF1DE0718900BABAFD /* DGCollectionViewGridLayout.framework */ = {isa = PBXFileReference; explicitFileType = wrapper.framework; includeInIndex = 0; path = DGCollectionViewGridLayout.framework; sourceTree = BUILT_PRODUCTS_DIR; };
		A3169DF71DE0718900BABAFD /* DGCollectionViewGridLayoutTests-tvOS.xctest */ = {isa = PBXFileReference; explicitFileType = wrapper.cfbundle; includeInIndex = 0; path = "DGCollectionViewGridLayoutTests-tvOS.xctest"; sourceTree = BUILT_PRODUCTS_DIR; };
		A3169E0C1DE072C700BABAFD /* DGCollectionViewGridLayout.framework */ = {isa = PBXFileReference; explicitFileType = wrapper.framework; includeInIndex = 0; path = DGCollectionViewGridLayout.framework; sourceTree = BUILT_PRODUCTS_DIR; };
		A3169E141DE072C800BABAFD /* DGCollectionViewGridLayoutTests-OSX.xctest */ = {isa = PBXFileReference; explicitFileType = wrapper.cfbundle; includeInIndex = 0; path = "DGCollectionViewGridLayoutTests-OSX.xctest"; sourceTree = BUILT_PRODUCTS_DIR; };
		A3169E751DE083D900BABAFD /* DGCollectionViewGridLayout.h */ = {isa = PBXFileReference; fileEncoding = 4; lastKnownFileType = sourcecode.c.h; path = DGCollectionViewGridLayout.h; sourceTree = "<group>"; };
		A38EF2C71DECF97000637484 /* DGCollectionViewGridLayoutTests.swift */ = {isa = PBXFileReference; fileEncoding = 4; lastKnownFileType = sourcecode.swift; path = DGCollectionViewGridLayoutTests.swift; sourceTree = "<group>"; };
		A6418CC5C1904C2CE0B9BC22 /* Pods-Frameworks-DGCollectionViewGridLayout-iOS.debug.xcconfig */ = {isa = PBXFileReference; includeInIndex = 1; lastKnownFileType = text.xcconfig; name = "Pods-Frameworks-DGCollectionViewGridLayout-iOS.debug.xcconfig"; path = "Pods/Target Support Files/Pods-Frameworks-DGCollectionViewGridLayout-iOS/Pods-Frameworks-DGCollectionViewGridLayout-iOS.debug.xcconfig"; sourceTree = "<group>"; };
		AED4432A1E1F9C9F00AD7D62 /* DGGridCollectionFlowLayout.swift */ = {isa = PBXFileReference; fileEncoding = 4; lastKnownFileType = sourcecode.swift; path = DGGridCollectionFlowLayout.swift; sourceTree = "<group>"; };
		D9AC5A6D1FD8F04307F12119 /* Pods-Tests-DGCollectionViewGridLayoutTests-iOS.debug.xcconfig */ = {isa = PBXFileReference; includeInIndex = 1; lastKnownFileType = text.xcconfig; name = "Pods-Tests-DGCollectionViewGridLayoutTests-iOS.debug.xcconfig"; path = "Pods/Target Support Files/Pods-Tests-DGCollectionViewGridLayoutTests-iOS/Pods-Tests-DGCollectionViewGridLayoutTests-iOS.debug.xcconfig"; sourceTree = "<group>"; };
		E127E10B3901D5535932640F /* Pods-Frameworks-DGCollectionViewGridLayout-iOS.release.xcconfig */ = {isa = PBXFileReference; includeInIndex = 1; lastKnownFileType = text.xcconfig; name = "Pods-Frameworks-DGCollectionViewGridLayout-iOS.release.xcconfig"; path = "Pods/Target Support Files/Pods-Frameworks-DGCollectionViewGridLayout-iOS/Pods-Frameworks-DGCollectionViewGridLayout-iOS.release.xcconfig"; sourceTree = "<group>"; };
/* End PBXFileReference section */

/* Begin PBXFrameworksBuildPhase section */
		A3169DAC1DE05E8300BABAFD /* Frameworks */ = {
			isa = PBXFrameworksBuildPhase;
			buildActionMask = 2147483647;
			files = (
				80A0F5A7F9576DC6A1B9C196 /* Pods_Frameworks_DGCollectionViewGridLayout_iOS.framework in Frameworks */,
			);
			runOnlyForDeploymentPostprocessing = 0;
		};
		A3169DB61DE05E8300BABAFD /* Frameworks */ = {
			isa = PBXFrameworksBuildPhase;
			buildActionMask = 2147483647;
			files = (
				A3169DBA1DE05E8300BABAFD /* DGCollectionViewGridLayout.framework in Frameworks */,
				90814C946970534771FED99E /* Pods_Tests_DGCollectionViewGridLayoutTests_iOS.framework in Frameworks */,
			);
			runOnlyForDeploymentPostprocessing = 0;
		};
/* End PBXFrameworksBuildPhase section */

/* Begin PBXGroup section */
		8044328A2459A1BE2B501B98 /* Frameworks */ = {
			isa = PBXGroup;
			children = (
				29A4148AD88594E9E64A9C33 /* Pods_Frameworks_DGCollectionViewGridLayout_iOS.framework */,
				8A66CEC6D7F848E2B8B1CA8C /* Pods_Tests_DGCollectionViewGridLayoutTests_iOS.framework */,
			);
			name = Frameworks;
			sourceTree = "<group>";
		};
		86188ECAA61D8E437E553623 /* Pods */ = {
			isa = PBXGroup;
			children = (
				A6418CC5C1904C2CE0B9BC22 /* Pods-Frameworks-DGCollectionViewGridLayout-iOS.debug.xcconfig */,
				E127E10B3901D5535932640F /* Pods-Frameworks-DGCollectionViewGridLayout-iOS.release.xcconfig */,
				D9AC5A6D1FD8F04307F12119 /* Pods-Tests-DGCollectionViewGridLayoutTests-iOS.debug.xcconfig */,
				35FCDEF4924A022C2077C3A2 /* Pods-Tests-DGCollectionViewGridLayoutTests-iOS.release.xcconfig */,
			);
			name = Pods;
			sourceTree = "<group>";
		};
		A3169DA61DE05E8300BABAFD = {
			isa = PBXGroup;
			children = (
				A3169DCA1DE0629100BABAFD /* Sources */,
				A3169DCF1DE062A000BABAFD /* Tests */,
				A3169DB11DE05E8300BABAFD /* Products */,
				86188ECAA61D8E437E553623 /* Pods */,
				8044328A2459A1BE2B501B98 /* Frameworks */,
			);
			sourceTree = "<group>";
		};
		A3169DB11DE05E8300BABAFD /* Products */ = {
			isa = PBXGroup;
			children = (
				A3169DB01DE05E8300BABAFD /* DGCollectionViewGridLayout.framework */,
				A3169DB91DE05E8300BABAFD /* DGCollectionViewGridLayoutTests-iOS.xctest */,
				A3169DDE1DE06EF400BABAFD /* DGCollectionViewGridLayout.framework */,
				A3169DEF1DE0718900BABAFD /* DGCollectionViewGridLayout.framework */,
				A3169DF71DE0718900BABAFD /* DGCollectionViewGridLayoutTests-tvOS.xctest */,
				A3169E0C1DE072C700BABAFD /* DGCollectionViewGridLayout.framework */,
				A3169E141DE072C800BABAFD /* DGCollectionViewGridLayoutTests-OSX.xctest */,
			);
			name = Products;
			sourceTree = "<group>";
		};
		A3169DCA1DE0629100BABAFD /* Sources */ = {
			isa = PBXGroup;
			children = (
				AED4432A1E1F9C9F00AD7D62 /* DGGridCollectionFlowLayout.swift */,
				A3169E751DE083D900BABAFD /* DGCollectionViewGridLayout.h */,
				A3169DCC1DE0629100BABAFD /* Info.plist */,
			);
			path = Sources;
			sourceTree = "<group>";
		};
		A3169DCF1DE062A000BABAFD /* Tests */ = {
			isa = PBXGroup;
			children = (
				A38EF2C61DECF97000637484 /* DGCollectionViewGridLayoutTests */,
				A3169DD11DE062A000BABAFD /* Info.plist */,
			);
			path = Tests;
			sourceTree = "<group>";
		};
		A38EF2C61DECF97000637484 /* DGCollectionViewGridLayoutTests */ = {
			isa = PBXGroup;
			children = (
				A38EF2C71DECF97000637484 /* DGCollectionViewGridLayoutTests.swift */,
			);
			path = DGCollectionViewGridLayoutTests;
			sourceTree = "<group>";
		};
/* End PBXGroup section */

/* Begin PBXHeadersBuildPhase section */
		A3169E631DE0804300BABAFD /* Headers */ = {
			isa = PBXHeadersBuildPhase;
			buildActionMask = 2147483647;
			files = (
				A3169E761DE083D900BABAFD /* DGCollectionViewGridLayout.h in Headers */,
			);
			runOnlyForDeploymentPostprocessing = 0;
		};
/* End PBXHeadersBuildPhase section */

/* Begin PBXNativeTarget section */
		A3169DAF1DE05E8300BABAFD /* DGCollectionViewGridLayout-iOS */ = {
			isa = PBXNativeTarget;
			buildConfigurationList = A3169DC41DE05E8300BABAFD /* Build configuration list for PBXNativeTarget "DGCollectionViewGridLayout-iOS" */;
			buildPhases = (
				0F4CB1E5F9ECE9C0FD7ED9D8 /* [CP] Check Pods Manifest.lock */,
				A3169DAB1DE05E8300BABAFD /* Sources */,
				A3169DAC1DE05E8300BABAFD /* Frameworks */,
				A3169DAE1DE05E8300BABAFD /* Resources */,
				A3169DD81DE0654400BABAFD /* Swiftlint */,
				A3169E631DE0804300BABAFD /* Headers */,
				4DE41BBAA4AE20909D8A801A /* [CP] Copy Pods Resources */,
			);
			buildRules = (
			);
			dependencies = (
			);
			name = "DGCollectionViewGridLayout-iOS";
			productName = DGCollectionViewGridLayout;
			productReference = A3169DB01DE05E8300BABAFD /* DGCollectionViewGridLayout.framework */;
			productType = "com.apple.product-type.framework";
		};
		A3169DB81DE05E8300BABAFD /* DGCollectionViewGridLayoutTests-iOS */ = {
			isa = PBXNativeTarget;
			buildConfigurationList = A3169DC71DE05E8300BABAFD /* Build configuration list for PBXNativeTarget "DGCollectionViewGridLayoutTests-iOS" */;
			buildPhases = (
				745D7B410FC9E3179D79B5C3 /* [CP] Check Pods Manifest.lock */,
				A3169DB51DE05E8300BABAFD /* Sources */,
				A3169DB61DE05E8300BABAFD /* Frameworks */,
				A3169DB71DE05E8300BABAFD /* Resources */,
				B41BBCB951727A0618ED5FA9 /* [CP] Embed Pods Frameworks */,
				F8F1AC44CB959A7C84FAA661 /* [CP] Copy Pods Resources */,
			);
			buildRules = (
			);
			dependencies = (
				A3169DBC1DE05E8300BABAFD /* PBXTargetDependency */,
			);
			name = "DGCollectionViewGridLayoutTests-iOS";
			productName = DGCollectionViewGridLayoutTests;
			productReference = A3169DB91DE05E8300BABAFD /* DGCollectionViewGridLayoutTests-iOS.xctest */;
			productType = "com.apple.product-type.bundle.unit-test";
		};
/* End PBXNativeTarget section */

/* Begin PBXProject section */
		A3169DA71DE05E8300BABAFD /* Project object */ = {
			isa = PBXProject;
			attributes = {
				LastSwiftUpdateCheck = 0810;
				LastUpgradeCheck = 0820;
				ORGANIZATIONNAME = Digipolitan;
				TargetAttributes = {
					A3169DAF1DE05E8300BABAFD = {
						CreatedOnToolsVersion = 8.1;
						DevelopmentTeam = 582762VK3P;
						LastSwiftMigration = 0820;
						ProvisioningStyle = Automatic;
					};
					A3169DB81DE05E8300BABAFD = {
						CreatedOnToolsVersion = 8.1;
						DevelopmentTeam = 582762VK3P;
						ProvisioningStyle = Automatic;
					};
				};
			};
			buildConfigurationList = A3169DAA1DE05E8300BABAFD /* Build configuration list for PBXProject "DGCollectionViewGridLayout" */;
			compatibilityVersion = "Xcode 3.2";
			developmentRegion = English;
			hasScannedForEncodings = 0;
			knownRegions = (
				en,
			);
			mainGroup = A3169DA61DE05E8300BABAFD;
			productRefGroup = A3169DB11DE05E8300BABAFD /* Products */;
			projectDirPath = "";
			projectRoot = "";
			targets = (
				A3169DAF1DE05E8300BABAFD /* DGCollectionViewGridLayout-iOS */,
				A3169DB81DE05E8300BABAFD /* DGCollectionViewGridLayoutTests-iOS */,
			);
		};
/* End PBXProject section */

/* Begin PBXResourcesBuildPhase section */
		A3169DAE1DE05E8300BABAFD /* Resources */ = {
			isa = PBXResourcesBuildPhase;
			buildActionMask = 2147483647;
			files = (
			);
			runOnlyForDeploymentPostprocessing = 0;
		};
		A3169DB71DE05E8300BABAFD /* Resources */ = {
			isa = PBXResourcesBuildPhase;
			buildActionMask = 2147483647;
			files = (
			);
			runOnlyForDeploymentPostprocessing = 0;
		};
/* End PBXResourcesBuildPhase section */

/* Begin PBXShellScriptBuildPhase section */
		0F4CB1E5F9ECE9C0FD7ED9D8 /* [CP] Check Pods Manifest.lock */ = {
			isa = PBXShellScriptBuildPhase;
			buildActionMask = 2147483647;
			files = (
			);
			inputPaths = (
			);
			name = "[CP] Check Pods Manifest.lock";
			outputPaths = (
			);
			runOnlyForDeploymentPostprocessing = 0;
			shellPath = /bin/sh;
			shellScript = "diff \"${PODS_ROOT}/../Podfile.lock\" \"${PODS_ROOT}/Manifest.lock\" > /dev/null\nif [ $? != 0 ] ; then\n    # print error to STDERR\n    echo \"error: The sandbox is not in sync with the Podfile.lock. Run 'pod install' or update your CocoaPods installation.\" >&2\n    exit 1\nfi\n";
			showEnvVarsInLog = 0;
		};
		4DE41BBAA4AE20909D8A801A /* [CP] Copy Pods Resources */ = {
			isa = PBXShellScriptBuildPhase;
			buildActionMask = 2147483647;
			files = (
			);
			inputPaths = (
			);
			name = "[CP] Copy Pods Resources";
			outputPaths = (
			);
			runOnlyForDeploymentPostprocessing = 0;
			shellPath = /bin/sh;
			shellScript = "\"${SRCROOT}/Pods/Target Support Files/Pods-Frameworks-DGCollectionViewGridLayout-iOS/Pods-Frameworks-DGCollectionViewGridLayout-iOS-resources.sh\"\n";
			showEnvVarsInLog = 0;
		};
		745D7B410FC9E3179D79B5C3 /* [CP] Check Pods Manifest.lock */ = {
			isa = PBXShellScriptBuildPhase;
			buildActionMask = 2147483647;
			files = (
			);
			inputPaths = (
			);
			name = "[CP] Check Pods Manifest.lock";
			outputPaths = (
			);
			runOnlyForDeploymentPostprocessing = 0;
			shellPath = /bin/sh;
			shellScript = "diff \"${PODS_ROOT}/../Podfile.lock\" \"${PODS_ROOT}/Manifest.lock\" > /dev/null\nif [ $? != 0 ] ; then\n    # print error to STDERR\n    echo \"error: The sandbox is not in sync with the Podfile.lock. Run 'pod install' or update your CocoaPods installation.\" >&2\n    exit 1\nfi\n";
			showEnvVarsInLog = 0;
		};
		A3169DD81DE0654400BABAFD /* Swiftlint */ = {
			isa = PBXShellScriptBuildPhase;
			buildActionMask = 2147483647;
			files = (
			);
			inputPaths = (
			);
			name = Swiftlint;
			outputPaths = (
			);
			runOnlyForDeploymentPostprocessing = 0;
			shellPath = /bin/sh;
			shellScript = "if which swiftlint >/dev/null; then\n    swiftlint\nelse\n    echo \"warning: SwiftLint not installed, download from https://github.com/realm/SwiftLint\"\nfi";
		};
		B41BBCB951727A0618ED5FA9 /* [CP] Embed Pods Frameworks */ = {
			isa = PBXShellScriptBuildPhase;
			buildActionMask = 2147483647;
			files = (
			);
			inputPaths = (
			);
			name = "[CP] Embed Pods Frameworks";
			outputPaths = (
			);
			runOnlyForDeploymentPostprocessing = 0;
			shellPath = /bin/sh;
			shellScript = "\"${SRCROOT}/Pods/Target Support Files/Pods-Tests-DGCollectionViewGridLayoutTests-iOS/Pods-Tests-DGCollectionViewGridLayoutTests-iOS-frameworks.sh\"\n";
			showEnvVarsInLog = 0;
		};
		F8F1AC44CB959A7C84FAA661 /* [CP] Copy Pods Resources */ = {
			isa = PBXShellScriptBuildPhase;
			buildActionMask = 2147483647;
			files = (
			);
			inputPaths = (
			);
			name = "[CP] Copy Pods Resources";
			outputPaths = (
			);
			runOnlyForDeploymentPostprocessing = 0;
			shellPath = /bin/sh;
			shellScript = "\"${SRCROOT}/Pods/Target Support Files/Pods-Tests-DGCollectionViewGridLayoutTests-iOS/Pods-Tests-DGCollectionViewGridLayoutTests-iOS-resources.sh\"\n";
			showEnvVarsInLog = 0;
		};
/* End PBXShellScriptBuildPhase section */

/* Begin PBXSourcesBuildPhase section */
		A3169DAB1DE05E8300BABAFD /* Sources */ = {
			isa = PBXSourcesBuildPhase;
			buildActionMask = 2147483647;
			files = (
				AED4432B1E1F9C9F00AD7D62 /* DGGridCollectionFlowLayout.swift in Sources */,
			);
			runOnlyForDeploymentPostprocessing = 0;
		};
		A3169DB51DE05E8300BABAFD /* Sources */ = {
			isa = PBXSourcesBuildPhase;
			buildActionMask = 2147483647;
			files = (
				A38EF2CA1DECF97000637484 /* DGCollectionViewGridLayoutTests.swift in Sources */,
			);
			runOnlyForDeploymentPostprocessing = 0;
		};
/* End PBXSourcesBuildPhase section */

/* Begin PBXTargetDependency section */
		A3169DBC1DE05E8300BABAFD /* PBXTargetDependency */ = {
			isa = PBXTargetDependency;
			target = A3169DAF1DE05E8300BABAFD /* DGCollectionViewGridLayout-iOS */;
			targetProxy = A3169DBB1DE05E8300BABAFD /* PBXContainerItemProxy */;
		};
/* End PBXTargetDependency section */

/* Begin XCBuildConfiguration section */
		A3169DC21DE05E8300BABAFD /* Debug */ = {
			isa = XCBuildConfiguration;
			buildSettings = {
				ALWAYS_SEARCH_USER_PATHS = NO;
				CLANG_ANALYZER_NONNULL = YES;
				CLANG_CXX_LANGUAGE_STANDARD = "gnu++0x";
				CLANG_CXX_LIBRARY = "libc++";
				CLANG_ENABLE_OBJC_ARC = YES;
				CLANG_WARN_BOOL_CONVERSION = YES;
				CLANG_WARN_CONSTANT_CONVERSION = YES;
				CLANG_WARN_DIRECT_OBJC_ISA_USAGE = YES_ERROR;
				CLANG_WARN_DOCUMENTATION_COMMENTS = YES;
				CLANG_WARN_EMPTY_BODY = YES;
				CLANG_WARN_ENUM_CONVERSION = YES;
				CLANG_WARN_INFINITE_RECURSION = YES;
				CLANG_WARN_INT_CONVERSION = YES;
				CLANG_WARN_OBJC_ROOT_CLASS = YES_ERROR;
				CLANG_WARN_SUSPICIOUS_MOVE = YES;
				CLANG_WARN_SUSPICIOUS_MOVES = YES;
				CLANG_WARN_UNREACHABLE_CODE = YES;
				CLANG_WARN__DUPLICATE_METHOD_MATCH = YES;
				COPY_PHASE_STRIP = NO;
				CURRENT_PROJECT_VERSION = 1;
				DEBUG_INFORMATION_FORMAT = dwarf;
				ENABLE_STRICT_OBJC_MSGSEND = YES;
				ENABLE_TESTABILITY = YES;
				GCC_C_LANGUAGE_STANDARD = gnu99;
				GCC_DYNAMIC_NO_PIC = NO;
				GCC_NO_COMMON_BLOCKS = YES;
				GCC_OPTIMIZATION_LEVEL = 0;
				GCC_PREPROCESSOR_DEFINITIONS = (
					"DEBUG=1",
					"$(inherited)",
				);
				GCC_WARN_64_TO_32_BIT_CONVERSION = YES;
				GCC_WARN_ABOUT_RETURN_TYPE = YES_ERROR;
				GCC_WARN_UNDECLARED_SELECTOR = YES;
				GCC_WARN_UNINITIALIZED_AUTOS = YES_AGGRESSIVE;
				GCC_WARN_UNUSED_FUNCTION = YES;
				GCC_WARN_UNUSED_VARIABLE = YES;
				IPHONEOS_DEPLOYMENT_TARGET = 8.0;
				MTL_ENABLE_DEBUG_INFO = YES;
				ONLY_ACTIVE_ARCH = YES;
				SDKROOT = iphoneos;
				SWIFT_ACTIVE_COMPILATION_CONDITIONS = DEBUG;
				SWIFT_OPTIMIZATION_LEVEL = "-Onone";
				SWIFT_VERSION = 3.0;
				TARGETED_DEVICE_FAMILY = "1,2";
				VERSIONING_SYSTEM = "apple-generic";
				VERSION_INFO_PREFIX = "";
			};
			name = Debug;
		};
		A3169DC31DE05E8300BABAFD /* Release */ = {
			isa = XCBuildConfiguration;
			buildSettings = {
				ALWAYS_SEARCH_USER_PATHS = NO;
				CLANG_ANALYZER_NONNULL = YES;
				CLANG_CXX_LANGUAGE_STANDARD = "gnu++0x";
				CLANG_CXX_LIBRARY = "libc++";
				CLANG_ENABLE_OBJC_ARC = YES;
				CLANG_WARN_BOOL_CONVERSION = YES;
				CLANG_WARN_CONSTANT_CONVERSION = YES;
				CLANG_WARN_DIRECT_OBJC_ISA_USAGE = YES_ERROR;
				CLANG_WARN_DOCUMENTATION_COMMENTS = YES;
				CLANG_WARN_EMPTY_BODY = YES;
				CLANG_WARN_ENUM_CONVERSION = YES;
				CLANG_WARN_INFINITE_RECURSION = YES;
				CLANG_WARN_INT_CONVERSION = YES;
				CLANG_WARN_OBJC_ROOT_CLASS = YES_ERROR;
				CLANG_WARN_SUSPICIOUS_MOVE = YES;
				CLANG_WARN_SUSPICIOUS_MOVES = YES;
				CLANG_WARN_UNREACHABLE_CODE = YES;
				CLANG_WARN__DUPLICATE_METHOD_MATCH = YES;
				COPY_PHASE_STRIP = NO;
				CURRENT_PROJECT_VERSION = 1;
				DEBUG_INFORMATION_FORMAT = "dwarf-with-dsym";
				ENABLE_NS_ASSERTIONS = NO;
				ENABLE_STRICT_OBJC_MSGSEND = YES;
				GCC_C_LANGUAGE_STANDARD = gnu99;
				GCC_NO_COMMON_BLOCKS = YES;
				GCC_WARN_64_TO_32_BIT_CONVERSION = YES;
				GCC_WARN_ABOUT_RETURN_TYPE = YES_ERROR;
				GCC_WARN_UNDECLARED_SELECTOR = YES;
				GCC_WARN_UNINITIALIZED_AUTOS = YES_AGGRESSIVE;
				GCC_WARN_UNUSED_FUNCTION = YES;
				GCC_WARN_UNUSED_VARIABLE = YES;
				IPHONEOS_DEPLOYMENT_TARGET = 8.0;
				MTL_ENABLE_DEBUG_INFO = NO;
				SDKROOT = iphoneos;
				SWIFT_OPTIMIZATION_LEVEL = "-Owholemodule";
				SWIFT_VERSION = 3.0;
				TARGETED_DEVICE_FAMILY = "1,2";
				VALIDATE_PRODUCT = YES;
				VERSIONING_SYSTEM = "apple-generic";
				VERSION_INFO_PREFIX = "";
			};
			name = Release;
		};
		A3169DC51DE05E8300BABAFD /* Debug */ = {
			isa = XCBuildConfiguration;
			baseConfigurationReference = A6418CC5C1904C2CE0B9BC22 /* Pods-Frameworks-DGCollectionViewGridLayout-iOS.debug.xcconfig */;
			buildSettings = {
				CLANG_ENABLE_MODULES = YES;
				CODE_SIGN_IDENTITY = "iPhone Developer";
				"CODE_SIGN_IDENTITY[sdk=iphoneos*]" = "";
				DEFINES_MODULE = YES;
				DEVELOPMENT_TEAM = 582762VK3P;
				DYLIB_COMPATIBILITY_VERSION = 1;
				DYLIB_INSTALL_NAME_BASE = "@rpath";
				INFOPLIST_FILE = Sources/Info.plist;
				INSTALL_PATH = "$(LOCAL_LIBRARY_DIR)/Frameworks";
				LD_RUNPATH_SEARCH_PATHS = "$(inherited) @executable_path/Frameworks @loader_path/Frameworks";
				PRODUCT_BUNDLE_IDENTIFIER = com.digipolitan.collectionviewgridlayout;
				PRODUCT_NAME = DGCollectionViewGridLayout;
				SKIP_INSTALL = YES;
				SWIFT_OPTIMIZATION_LEVEL = "-Onone";
				SWIFT_VERSION = 3.0;
			};
			name = Debug;
		};
		A3169DC61DE05E8300BABAFD /* Release */ = {
			isa = XCBuildConfiguration;
			baseConfigurationReference = E127E10B3901D5535932640F /* Pods-Frameworks-DGCollectionViewGridLayout-iOS.release.xcconfig */;
			buildSettings = {
				CLANG_ENABLE_MODULES = YES;
				CODE_SIGN_IDENTITY = "iPhone Developer";
				"CODE_SIGN_IDENTITY[sdk=iphoneos*]" = "";
				DEFINES_MODULE = YES;
				DEVELOPMENT_TEAM = 582762VK3P;
				DYLIB_COMPATIBILITY_VERSION = 1;
				DYLIB_INSTALL_NAME_BASE = "@rpath";
				INFOPLIST_FILE = Sources/Info.plist;
				INSTALL_PATH = "$(LOCAL_LIBRARY_DIR)/Frameworks";
				LD_RUNPATH_SEARCH_PATHS = "$(inherited) @executable_path/Frameworks @loader_path/Frameworks";
				PRODUCT_BUNDLE_IDENTIFIER = com.digipolitan.collectionviewgridlayout;
				PRODUCT_NAME = DGCollectionViewGridLayout;
				SKIP_INSTALL = YES;
				SWIFT_VERSION = 3.0;
			};
			name = Release;
		};
		A3169DC81DE05E8300BABAFD /* Debug */ = {
			isa = XCBuildConfiguration;
			baseConfigurationReference = D9AC5A6D1FD8F04307F12119 /* Pods-Tests-DGCollectionViewGridLayoutTests-iOS.debug.xcconfig */;
			buildSettings = {
				ALWAYS_EMBED_SWIFT_STANDARD_LIBRARIES = YES;
				CURRENT_PROJECT_VERSION = 1;
				DEVELOPMENT_TEAM = 582762VK3P;
				INFOPLIST_FILE = Tests/Info.plist;
				LD_RUNPATH_SEARCH_PATHS = "$(inherited) @executable_path/Frameworks @loader_path/Frameworks";
				PRODUCT_BUNDLE_IDENTIFIER = com.digipolitan.DGCollectionViewGridLayoutTests;
				PRODUCT_NAME = "$(TARGET_NAME)";
			};
			name = Debug;
		};
		A3169DC91DE05E8300BABAFD /* Release */ = {
			isa = XCBuildConfiguration;
			baseConfigurationReference = 35FCDEF4924A022C2077C3A2 /* Pods-Tests-DGCollectionViewGridLayoutTests-iOS.release.xcconfig */;
			buildSettings = {
				ALWAYS_EMBED_SWIFT_STANDARD_LIBRARIES = YES;
				CURRENT_PROJECT_VERSION = 1;
				DEVELOPMENT_TEAM = 582762VK3P;
				INFOPLIST_FILE = Tests/Info.plist;
				LD_RUNPATH_SEARCH_PATHS = "$(inherited) @executable_path/Frameworks @loader_path/Frameworks";
				PRODUCT_BUNDLE_IDENTIFIER = com.digipolitan.DGCollectionViewGridLayoutTests;
				PRODUCT_NAME = "$(TARGET_NAME)";
			};
			name = Release;
		};
/* End XCBuildConfiguration section */

/* Begin XCConfigurationList section */
		A3169DAA1DE05E8300BABAFD /* Build configuration list for PBXProject "DGCollectionViewGridLayout" */ = {
			isa = XCConfigurationList;
			buildConfigurations = (
				A3169DC21DE05E8300BABAFD /* Debug */,
				A3169DC31DE05E8300BABAFD /* Release */,
			);
			defaultConfigurationIsVisible = 0;
			defaultConfigurationName = Release;
		};
		A3169DC41DE05E8300BABAFD /* Build configuration list for PBXNativeTarget "DGCollectionViewGridLayout-iOS" */ = {
			isa = XCConfigurationList;
			buildConfigurations = (
				A3169DC51DE05E8300BABAFD /* Debug */,
				A3169DC61DE05E8300BABAFD /* Release */,
			);
			defaultConfigurationIsVisible = 0;
			defaultConfigurationName = Release;
		};
		A3169DC71DE05E8300BABAFD /* Build configuration list for PBXNativeTarget "DGCollectionViewGridLayoutTests-iOS" */ = {
			isa = XCConfigurationList;
			buildConfigurations = (
				A3169DC81DE05E8300BABAFD /* Debug */,
				A3169DC91DE05E8300BABAFD /* Release */,
			);
			defaultConfigurationIsVisible = 0;
			defaultConfigurationName = Release;
		};
/* End XCConfigurationList section */
	};
	rootObject = A3169DA71DE05E8300BABAFD /* Project object */;
}
