// !$*UTF8*$!
{
	archiveVersion = 1;
	classes = {
	};
	objectVersion = 46;
	objects = {

/* Begin PBXBuildFile section */
		4BC6868BA8832E8A083E9ECE /* Pods_Samples_DGCollectionViewGridLayoutSample_iOS.framework in Frameworks */ = {isa = PBXBuildFile; fileRef = 8971F06C0506E7C4223846C3 /* Pods_Samples_DGCollectionViewGridLayoutSample_iOS.framework */; };
		A30D63F21E0D717E00A3CE45 /* AppDelegate.swift in Sources */ = {isa = PBXBuildFile; fileRef = A30D63F11E0D717E00A3CE45 /* AppDelegate.swift */; };
		A30D63F91E0D717E00A3CE45 /* Assets.xcassets in Resources */ = {isa = PBXBuildFile; fileRef = A30D63F81E0D717E00A3CE45 /* Assets.xcassets */; };
		A30D63FC1E0D717E00A3CE45 /* LaunchScreen.storyboard in Resources */ = {isa = PBXBuildFile; fileRef = A30D63FA1E0D717E00A3CE45 /* LaunchScreen.storyboard */; };
		A30D640A1E0D71CB00A3CE45 /* DGCollectionViewGridLayout.framework in Frameworks */ = {isa = PBXBuildFile; fileRef = A30D64091E0D71CB00A3CE45 /* DGCollectionViewGridLayout.framework */; };
		A30D640B1E0D71CB00A3CE45 /* DGCollectionViewGridLayout.framework in Embed Frameworks */ = {isa = PBXBuildFile; fileRef = A30D64091E0D71CB00A3CE45 /* DGCollectionViewGridLayout.framework */; settings = {ATTRIBUTES = (CodeSignOnCopy, RemoveHeadersOnCopy, ); }; };
		AE9E8E561E2D23AE00009A1E /* TableViewLookAlikeViewController.swift in Sources */ = {isa = PBXBuildFile; fileRef = AE9E8E551E2D23AE00009A1E /* TableViewLookAlikeViewController.swift */; };
		AE9E8E581E2D23C200009A1E /* LargeCollectionViewController.swift in Sources */ = {isa = PBXBuildFile; fileRef = AE9E8E571E2D23C200009A1E /* LargeCollectionViewController.swift */; };
		AE9E8E5A1E2D23D400009A1E /* HeaderFooterGridViewController.swift in Sources */ = {isa = PBXBuildFile; fileRef = AE9E8E591E2D23D400009A1E /* HeaderFooterGridViewController.swift */; };
		AE9E8E5C1E2D23E300009A1E /* ClassicGridViewController.swift in Sources */ = {isa = PBXBuildFile; fileRef = AE9E8E5B1E2D23E300009A1E /* ClassicGridViewController.swift */; };
		AE9E8E5F1E2D2F3300009A1E /* Main.storyboard in Resources */ = {isa = PBXBuildFile; fileRef = AE9E8E5E1E2D2F3300009A1E /* Main.storyboard */; };
		AED443321E1F9CB900AD7D62 /* OriginalViewController.swift in Sources */ = {isa = PBXBuildFile; fileRef = AED4432C1E1F9CB900AD7D62 /* OriginalViewController.swift */; };
		AED443341E1F9CB900AD7D62 /* PathCell.swift in Sources */ = {isa = PBXBuildFile; fileRef = AED4432E1E1F9CB900AD7D62 /* PathCell.swift */; };
		AED443351E1F9CB900AD7D62 /* PathCell.xib in Resources */ = {isa = PBXBuildFile; fileRef = AED4432F1E1F9CB900AD7D62 /* PathCell.xib */; };
		AED443361E1F9CB900AD7D62 /* ReusableView.swift in Sources */ = {isa = PBXBuildFile; fileRef = AED443301E1F9CB900AD7D62 /* ReusableView.swift */; };
		AED443371E1F9CB900AD7D62 /* ReusableView.xib in Resources */ = {isa = PBXBuildFile; fileRef = AED443311E1F9CB900AD7D62 /* ReusableView.xib */; };
		AEE3030B1E2E1850004A3BF7 /* SelfSizingViewController.swift in Sources */ = {isa = PBXBuildFile; fileRef = AEE3030A1E2E1850004A3BF7 /* SelfSizingViewController.swift */; };
		AEE3030F1E2E200F004A3BF7 /* DescriptionCell.swift in Sources */ = {isa = PBXBuildFile; fileRef = AEE3030D1E2E200F004A3BF7 /* DescriptionCell.swift */; };
		AEE303101E2E200F004A3BF7 /* DescriptionCell.xib in Resources */ = {isa = PBXBuildFile; fileRef = AEE3030E1E2E200F004A3BF7 /* DescriptionCell.xib */; };
/* End PBXBuildFile section */

/* Begin PBXCopyFilesBuildPhase section */
		A30D640C1E0D71CB00A3CE45 /* Embed Frameworks */ = {
			isa = PBXCopyFilesBuildPhase;
			buildActionMask = 2147483647;
			dstPath = "";
			dstSubfolderSpec = 10;
			files = (
				A30D640B1E0D71CB00A3CE45 /* DGCollectionViewGridLayout.framework in Embed Frameworks */,
			);
			name = "Embed Frameworks";
			runOnlyForDeploymentPostprocessing = 0;
		};
/* End PBXCopyFilesBuildPhase section */

/* Begin PBXFileReference section */
		41547DC2F02F11F432F03CBF /* Pods-DGCollectionViewGridLayoutSample-DGCollectionViewGridLayoutSample-iOS.release.xcconfig */ = {isa = PBXFileReference; includeInIndex = 1; lastKnownFileType = text.xcconfig; name = "Pods-DGCollectionViewGridLayoutSample-DGCollectionViewGridLayoutSample-iOS.release.xcconfig"; path = "../../Pods/Target Support Files/Pods-DGCollectionViewGridLayoutSample-DGCollectionViewGridLayoutSample-iOS/Pods-DGCollectionViewGridLayoutSample-DGCollectionViewGridLayoutSample-iOS.release.xcconfig"; sourceTree = "<group>"; };
		437CB24F88DE489FD8141488 /* Pods-Samples-DGCollectionViewGridLayoutSample-iOS.release.xcconfig */ = {isa = PBXFileReference; includeInIndex = 1; lastKnownFileType = text.xcconfig; name = "Pods-Samples-DGCollectionViewGridLayoutSample-iOS.release.xcconfig"; path = "../../Pods/Target Support Files/Pods-Samples-DGCollectionViewGridLayoutSample-iOS/Pods-Samples-DGCollectionViewGridLayoutSample-iOS.release.xcconfig"; sourceTree = "<group>"; };
		444C2E3A94BE72ECE95421F5 /* Pods-Samples-DGCollectionViewGridLayoutSample-iOS.debug.xcconfig */ = {isa = PBXFileReference; includeInIndex = 1; lastKnownFileType = text.xcconfig; name = "Pods-Samples-DGCollectionViewGridLayoutSample-iOS.debug.xcconfig"; path = "../../Pods/Target Support Files/Pods-Samples-DGCollectionViewGridLayoutSample-iOS/Pods-Samples-DGCollectionViewGridLayoutSample-iOS.debug.xcconfig"; sourceTree = "<group>"; };
		465646586A414E17162D185D /* Pods-DGCollectionViewGridLayoutSample-DGCollectionViewGridLayoutSample-iOS.debug.xcconfig */ = {isa = PBXFileReference; includeInIndex = 1; lastKnownFileType = text.xcconfig; name = "Pods-DGCollectionViewGridLayoutSample-DGCollectionViewGridLayoutSample-iOS.debug.xcconfig"; path = "../../Pods/Target Support Files/Pods-DGCollectionViewGridLayoutSample-DGCollectionViewGridLayoutSample-iOS/Pods-DGCollectionViewGridLayoutSample-DGCollectionViewGridLayoutSample-iOS.debug.xcconfig"; sourceTree = "<group>"; };
		846FE99F4361DD69C14E72CB /* Pods_DGCollectionViewGridLayoutSample_DGCollectionViewGridLayoutSample_iOS.framework */ = {isa = PBXFileReference; explicitFileType = wrapper.framework; includeInIndex = 0; path = Pods_DGCollectionViewGridLayoutSample_DGCollectionViewGridLayoutSample_iOS.framework; sourceTree = BUILT_PRODUCTS_DIR; };
		8971F06C0506E7C4223846C3 /* Pods_Samples_DGCollectionViewGridLayoutSample_iOS.framework */ = {isa = PBXFileReference; explicitFileType = wrapper.framework; includeInIndex = 0; path = Pods_Samples_DGCollectionViewGridLayoutSample_iOS.framework; sourceTree = BUILT_PRODUCTS_DIR; };
		A30D63EE1E0D717E00A3CE45 /* DGCollectionViewGridLayoutSample-iOS.app */ = {isa = PBXFileReference; explicitFileType = wrapper.application; includeInIndex = 0; path = "DGCollectionViewGridLayoutSample-iOS.app"; sourceTree = BUILT_PRODUCTS_DIR; };
		A30D63F11E0D717E00A3CE45 /* AppDelegate.swift */ = {isa = PBXFileReference; lastKnownFileType = sourcecode.swift; path = AppDelegate.swift; sourceTree = "<group>"; };
		A30D63F81E0D717E00A3CE45 /* Assets.xcassets */ = {isa = PBXFileReference; lastKnownFileType = folder.assetcatalog; path = Assets.xcassets; sourceTree = "<group>"; };
		A30D63FB1E0D717E00A3CE45 /* Base */ = {isa = PBXFileReference; lastKnownFileType = file.storyboard; name = Base; path = Base.lproj/LaunchScreen.storyboard; sourceTree = "<group>"; };
		A30D63FD1E0D717E00A3CE45 /* Info.plist */ = {isa = PBXFileReference; lastKnownFileType = text.plist.xml; path = Info.plist; sourceTree = "<group>"; };
		A30D64091E0D71CB00A3CE45 /* DGCollectionViewGridLayout.framework */ = {isa = PBXFileReference; explicitFileType = wrapper.framework; path = DGCollectionViewGridLayout.framework; sourceTree = BUILT_PRODUCTS_DIR; };
		AE9E8E551E2D23AE00009A1E /* TableViewLookAlikeViewController.swift */ = {isa = PBXFileReference; fileEncoding = 4; lastKnownFileType = sourcecode.swift; path = TableViewLookAlikeViewController.swift; sourceTree = "<group>"; };
		AE9E8E571E2D23C200009A1E /* LargeCollectionViewController.swift */ = {isa = PBXFileReference; fileEncoding = 4; lastKnownFileType = sourcecode.swift; path = LargeCollectionViewController.swift; sourceTree = "<group>"; };
		AE9E8E591E2D23D400009A1E /* HeaderFooterGridViewController.swift */ = {isa = PBXFileReference; fileEncoding = 4; lastKnownFileType = sourcecode.swift; path = HeaderFooterGridViewController.swift; sourceTree = "<group>"; };
		AE9E8E5B1E2D23E300009A1E /* ClassicGridViewController.swift */ = {isa = PBXFileReference; fileEncoding = 4; lastKnownFileType = sourcecode.swift; path = ClassicGridViewController.swift; sourceTree = "<group>"; };
		AE9E8E5E1E2D2F3300009A1E /* Main.storyboard */ = {isa = PBXFileReference; fileEncoding = 4; lastKnownFileType = file.storyboard; path = Main.storyboard; sourceTree = "<group>"; };
		AED4432C1E1F9CB900AD7D62 /* OriginalViewController.swift */ = {isa = PBXFileReference; fileEncoding = 4; lastKnownFileType = sourcecode.swift; path = OriginalViewController.swift; sourceTree = "<group>"; };
		AED4432E1E1F9CB900AD7D62 /* PathCell.swift */ = {isa = PBXFileReference; fileEncoding = 4; lastKnownFileType = sourcecode.swift; path = PathCell.swift; sourceTree = "<group>"; };
		AED4432F1E1F9CB900AD7D62 /* PathCell.xib */ = {isa = PBXFileReference; fileEncoding = 4; lastKnownFileType = file.xib; path = PathCell.xib; sourceTree = "<group>"; };
		AED443301E1F9CB900AD7D62 /* ReusableView.swift */ = {isa = PBXFileReference; fileEncoding = 4; lastKnownFileType = sourcecode.swift; path = ReusableView.swift; sourceTree = "<group>"; };
		AED443311E1F9CB900AD7D62 /* ReusableView.xib */ = {isa = PBXFileReference; fileEncoding = 4; lastKnownFileType = file.xib; path = ReusableView.xib; sourceTree = "<group>"; };
		AEE3030A1E2E1850004A3BF7 /* SelfSizingViewController.swift */ = {isa = PBXFileReference; fileEncoding = 4; lastKnownFileType = sourcecode.swift; path = SelfSizingViewController.swift; sourceTree = "<group>"; };
		AEE3030D1E2E200F004A3BF7 /* DescriptionCell.swift */ = {isa = PBXFileReference; fileEncoding = 4; lastKnownFileType = sourcecode.swift; path = DescriptionCell.swift; sourceTree = "<group>"; };
		AEE3030E1E2E200F004A3BF7 /* DescriptionCell.xib */ = {isa = PBXFileReference; fileEncoding = 4; lastKnownFileType = file.xib; path = DescriptionCell.xib; sourceTree = "<group>"; };
/* End PBXFileReference section */

/* Begin PBXFrameworksBuildPhase section */
		A30D63EB1E0D717E00A3CE45 /* Frameworks */ = {
			isa = PBXFrameworksBuildPhase;
			buildActionMask = 2147483647;
			files = (
				A30D640A1E0D71CB00A3CE45 /* DGCollectionViewGridLayout.framework in Frameworks */,
				4BC6868BA8832E8A083E9ECE /* Pods_Samples_DGCollectionViewGridLayoutSample_iOS.framework in Frameworks */,
			);
			runOnlyForDeploymentPostprocessing = 0;
		};
/* End PBXFrameworksBuildPhase section */

/* Begin PBXGroup section */
		A30D63E51E0D717E00A3CE45 = {
			isa = PBXGroup;
			children = (
				A30D63F01E0D717E00A3CE45 /* DGCollectionViewGridLayoutSample-iOS */,
				A30D64111E0D745C00A3CE45 /* Frameworks */,
				A30D63EF1E0D717E00A3CE45 /* Products */,
				B8FF5AA30A09A2E69BAC9EB0 /* Pods */,
			);
			sourceTree = "<group>";
		};
		A30D63EF1E0D717E00A3CE45 /* Products */ = {
			isa = PBXGroup;
			children = (
				A30D63EE1E0D717E00A3CE45 /* DGCollectionViewGridLayoutSample-iOS.app */,
			);
			name = Products;
			sourceTree = "<group>";
		};
		A30D63F01E0D717E00A3CE45 /* DGCollectionViewGridLayoutSample-iOS */ = {
			isa = PBXGroup;
			children = (
				A30D63F11E0D717E00A3CE45 /* AppDelegate.swift */,
				AED443391E1F9CCD00AD7D62 /* Components */,
				AED443381E1F9CC600AD7D62 /* Controllers */,
				AED4433A1E1F9CD500AD7D62 /* Resources */,
			);
			path = "DGCollectionViewGridLayoutSample-iOS";
			sourceTree = "<group>";
		};
		A30D64111E0D745C00A3CE45 /* Frameworks */ = {
			isa = PBXGroup;
			children = (
				A30D64091E0D71CB00A3CE45 /* DGCollectionViewGridLayout.framework */,
				846FE99F4361DD69C14E72CB /* Pods_DGCollectionViewGridLayoutSample_DGCollectionViewGridLayoutSample_iOS.framework */,
				8971F06C0506E7C4223846C3 /* Pods_Samples_DGCollectionViewGridLayoutSample_iOS.framework */,
			);
			name = Frameworks;
			sourceTree = "<group>";
		};
		AE9E8E501E2D22B500009A1E /* ClassicGrid */ = {
			isa = PBXGroup;
			children = (
				AE9E8E5B1E2D23E300009A1E /* ClassicGridViewController.swift */,
			);
			name = ClassicGrid;
			sourceTree = "<group>";
		};
		AE9E8E511E2D22C000009A1E /* HeaderFooterGrid */ = {
			isa = PBXGroup;
			children = (
				AE9E8E591E2D23D400009A1E /* HeaderFooterGridViewController.swift */,
			);
			name = HeaderFooterGrid;
			sourceTree = "<group>";
		};
		AE9E8E521E2D22CC00009A1E /* LargeCollection */ = {
			isa = PBXGroup;
			children = (
				AE9E8E571E2D23C200009A1E /* LargeCollectionViewController.swift */,
			);
			name = LargeCollection;
			sourceTree = "<group>";
		};
		AE9E8E531E2D22D700009A1E /* TableViewLookAlike */ = {
			isa = PBXGroup;
			children = (
				AE9E8E551E2D23AE00009A1E /* TableViewLookAlikeViewController.swift */,
			);
			name = TableViewLookAlike;
			sourceTree = "<group>";
		};
		AE9E8E5D1E2D2ECF00009A1E /* SelfSizingItems */ = {
			isa = PBXGroup;
			children = (
				AEE3030C1E2E1FDA004A3BF7 /* Components */,
				AEE3030A1E2E1850004A3BF7 /* SelfSizingViewController.swift */,
			);
			name = SelfSizingItems;
			sourceTree = "<group>";
		};
		AED443381E1F9CC600AD7D62 /* Controllers */ = {
			isa = PBXGroup;
			children = (
				AE9E8E5D1E2D2ECF00009A1E /* SelfSizingItems */,
				AE9E8E531E2D22D700009A1E /* TableViewLookAlike */,
				AE9E8E521E2D22CC00009A1E /* LargeCollection */,
				AE9E8E511E2D22C000009A1E /* HeaderFooterGrid */,
				AE9E8E501E2D22B500009A1E /* ClassicGrid */,
				AED4432C1E1F9CB900AD7D62 /* OriginalViewController.swift */,
			);
			name = Controllers;
			sourceTree = "<group>";
		};
		AED443391E1F9CCD00AD7D62 /* Components */ = {
			isa = PBXGroup;
			children = (
				AED4432E1E1F9CB900AD7D62 /* PathCell.swift */,
				AED4432F1E1F9CB900AD7D62 /* PathCell.xib */,
				AED443301E1F9CB900AD7D62 /* ReusableView.swift */,
				AED443311E1F9CB900AD7D62 /* ReusableView.xib */,
			);
			name = Components;
			sourceTree = "<group>";
		};
		AED4433A1E1F9CD500AD7D62 /* Resources */ = {
			isa = PBXGroup;
			children = (
				A30D63F81E0D717E00A3CE45 /* Assets.xcassets */,
				AE9E8E5E1E2D2F3300009A1E /* Main.storyboard */,
				A30D63FA1E0D717E00A3CE45 /* LaunchScreen.storyboard */,
				A30D63FD1E0D717E00A3CE45 /* Info.plist */,
			);
			name = Resources;
			sourceTree = "<group>";
		};
		AEE3030C1E2E1FDA004A3BF7 /* Components */ = {
			isa = PBXGroup;
			children = (
				AEE3030D1E2E200F004A3BF7 /* DescriptionCell.swift */,
				AEE3030E1E2E200F004A3BF7 /* DescriptionCell.xib */,
			);
			name = Components;
			sourceTree = "<group>";
		};
		B8FF5AA30A09A2E69BAC9EB0 /* Pods */ = {
			isa = PBXGroup;
			children = (
				465646586A414E17162D185D /* Pods-DGCollectionViewGridLayoutSample-DGCollectionViewGridLayoutSample-iOS.debug.xcconfig */,
				41547DC2F02F11F432F03CBF /* Pods-DGCollectionViewGridLayoutSample-DGCollectionViewGridLayoutSample-iOS.release.xcconfig */,
				444C2E3A94BE72ECE95421F5 /* Pods-Samples-DGCollectionViewGridLayoutSample-iOS.debug.xcconfig */,
				437CB24F88DE489FD8141488 /* Pods-Samples-DGCollectionViewGridLayoutSample-iOS.release.xcconfig */,
			);
			name = Pods;
			sourceTree = "<group>";
		};
/* End PBXGroup section */

/* Begin PBXNativeTarget section */
		A30D63ED1E0D717E00A3CE45 /* DGCollectionViewGridLayoutSample-iOS */ = {
			isa = PBXNativeTarget;
			buildConfigurationList = A30D64001E0D717E00A3CE45 /* Build configuration list for PBXNativeTarget "DGCollectionViewGridLayoutSample-iOS" */;
			buildPhases = (
				986B8F2F5A04B5574D6124D9 /* [CP] Check Pods Manifest.lock */,
				A30D63EA1E0D717E00A3CE45 /* Sources */,
				A30D63EB1E0D717E00A3CE45 /* Frameworks */,
				A30D63EC1E0D717E00A3CE45 /* Resources */,
				A30D640C1E0D71CB00A3CE45 /* Embed Frameworks */,
				761B88D2861272099C580E2F /* [CP] Embed Pods Frameworks */,
				76DBEC950C1A9D8FAF847D21 /* [CP] Copy Pods Resources */,
			);
			buildRules = (
			);
			dependencies = (
			);
			name = "DGCollectionViewGridLayoutSample-iOS";
			productName = "DGCollectionViewGridLayoutSample-iOS";
			productReference = A30D63EE1E0D717E00A3CE45 /* DGCollectionViewGridLayoutSample-iOS.app */;
			productType = "com.apple.product-type.application";
		};
/* End PBXNativeTarget section */

/* Begin PBXProject section */
		A30D63E61E0D717E00A3CE45 /* Project object */ = {
			isa = PBXProject;
			attributes = {
				LastSwiftUpdateCheck = 0820;
				LastUpgradeCheck = 0820;
				ORGANIZATIONNAME = Digipolitan;
				TargetAttributes = {
					A30D63ED1E0D717E00A3CE45 = {
						CreatedOnToolsVersion = 8.2.1;
						DevelopmentTeam = 582762VK3P;
						ProvisioningStyle = Automatic;
					};
				};
			};
			buildConfigurationList = A30D63E91E0D717E00A3CE45 /* Build configuration list for PBXProject "DGCollectionViewGridLayoutSample-iOS" */;
			compatibilityVersion = "Xcode 3.2";
			developmentRegion = English;
			hasScannedForEncodings = 0;
			knownRegions = (
				en,
				Base,
			);
			mainGroup = A30D63E51E0D717E00A3CE45;
			productRefGroup = A30D63EF1E0D717E00A3CE45 /* Products */;
			projectDirPath = "";
			projectRoot = "";
			targets = (
				A30D63ED1E0D717E00A3CE45 /* DGCollectionViewGridLayoutSample-iOS */,
			);
		};
/* End PBXProject section */

/* Begin PBXResourcesBuildPhase section */
		A30D63EC1E0D717E00A3CE45 /* Resources */ = {
			isa = PBXResourcesBuildPhase;
			buildActionMask = 2147483647;
			files = (
				AED443351E1F9CB900AD7D62 /* PathCell.xib in Resources */,
				AE9E8E5F1E2D2F3300009A1E /* Main.storyboard in Resources */,
				AED443371E1F9CB900AD7D62 /* ReusableView.xib in Resources */,
				A30D63FC1E0D717E00A3CE45 /* LaunchScreen.storyboard in Resources */,
				AEE303101E2E200F004A3BF7 /* DescriptionCell.xib in Resources */,
				A30D63F91E0D717E00A3CE45 /* Assets.xcassets in Resources */,
			);
			runOnlyForDeploymentPostprocessing = 0;
		};
/* End PBXResourcesBuildPhase section */

/* Begin PBXShellScriptBuildPhase section */
		761B88D2861272099C580E2F /* [CP] Embed Pods Frameworks */ = {
			isa = PBXShellScriptBuildPhase;
			buildActionMask = 2147483647;
			files = (
			);
			inputPaths = (
			);
			name = "[CP] Embed Pods Frameworks";
			outputPaths = (
			);
			runOnlyForDeploymentPostprocessing = 0;
			shellPath = /bin/sh;
			shellScript = "\"${SRCROOT}/../../Pods/Target Support Files/Pods-Samples-DGCollectionViewGridLayoutSample-iOS/Pods-Samples-DGCollectionViewGridLayoutSample-iOS-frameworks.sh\"\n";
			showEnvVarsInLog = 0;
		};
		76DBEC950C1A9D8FAF847D21 /* [CP] Copy Pods Resources */ = {
			isa = PBXShellScriptBuildPhase;
			buildActionMask = 2147483647;
			files = (
			);
			inputPaths = (
			);
			name = "[CP] Copy Pods Resources";
			outputPaths = (
			);
			runOnlyForDeploymentPostprocessing = 0;
			shellPath = /bin/sh;
			shellScript = "\"${SRCROOT}/../../Pods/Target Support Files/Pods-Samples-DGCollectionViewGridLayoutSample-iOS/Pods-Samples-DGCollectionViewGridLayoutSample-iOS-resources.sh\"\n";
			showEnvVarsInLog = 0;
		};
		986B8F2F5A04B5574D6124D9 /* [CP] Check Pods Manifest.lock */ = {
			isa = PBXShellScriptBuildPhase;
			buildActionMask = 2147483647;
			files = (
			);
			inputPaths = (
			);
			name = "[CP] Check Pods Manifest.lock";
			outputPaths = (
			);
			runOnlyForDeploymentPostprocessing = 0;
			shellPath = /bin/sh;
			shellScript = "diff \"${PODS_ROOT}/../Podfile.lock\" \"${PODS_ROOT}/Manifest.lock\" > /dev/null\nif [ $? != 0 ] ; then\n    # print error to STDERR\n    echo \"error: The sandbox is not in sync with the Podfile.lock. Run 'pod install' or update your CocoaPods installation.\" >&2\n    exit 1\nfi\n";
			showEnvVarsInLog = 0;
		};
/* End PBXShellScriptBuildPhase section */

/* Begin PBXSourcesBuildPhase section */
		A30D63EA1E0D717E00A3CE45 /* Sources */ = {
			isa = PBXSourcesBuildPhase;
			buildActionMask = 2147483647;
			files = (
				AEE3030B1E2E1850004A3BF7 /* SelfSizingViewController.swift in Sources */,
				AE9E8E581E2D23C200009A1E /* LargeCollectionViewController.swift in Sources */,
				AE9E8E5C1E2D23E300009A1E /* ClassicGridViewController.swift in Sources */,
				AE9E8E561E2D23AE00009A1E /* TableViewLookAlikeViewController.swift in Sources */,
				AEE3030F1E2E200F004A3BF7 /* DescriptionCell.swift in Sources */,
				AE9E8E5A1E2D23D400009A1E /* HeaderFooterGridViewController.swift in Sources */,
				AED443321E1F9CB900AD7D62 /* OriginalViewController.swift in Sources */,
				AED443361E1F9CB900AD7D62 /* ReusableView.swift in Sources */,
				AED443341E1F9CB900AD7D62 /* PathCell.swift in Sources */,
				A30D63F21E0D717E00A3CE45 /* AppDelegate.swift in Sources */,
			);
			runOnlyForDeploymentPostprocessing = 0;
		};
/* End PBXSourcesBuildPhase section */

/* Begin PBXVariantGroup section */
		A30D63FA1E0D717E00A3CE45 /* LaunchScreen.storyboard */ = {
			isa = PBXVariantGroup;
			children = (
				A30D63FB1E0D717E00A3CE45 /* Base */,
			);
			name = LaunchScreen.storyboard;
			sourceTree = "<group>";
		};
/* End PBXVariantGroup section */

/* Begin XCBuildConfiguration section */
		A30D63FE1E0D717E00A3CE45 /* Debug */ = {
			isa = XCBuildConfiguration;
			buildSettings = {
				ALWAYS_SEARCH_USER_PATHS = NO;
				CLANG_ANALYZER_NONNULL = YES;
				CLANG_CXX_LANGUAGE_STANDARD = "gnu++0x";
				CLANG_CXX_LIBRARY = "libc++";
				CLANG_ENABLE_MODULES = YES;
				CLANG_ENABLE_OBJC_ARC = YES;
				CLANG_WARN_BOOL_CONVERSION = YES;
				CLANG_WARN_CONSTANT_CONVERSION = YES;
				CLANG_WARN_DIRECT_OBJC_ISA_USAGE = YES_ERROR;
				CLANG_WARN_DOCUMENTATION_COMMENTS = YES;
				CLANG_WARN_EMPTY_BODY = YES;
				CLANG_WARN_ENUM_CONVERSION = YES;
				CLANG_WARN_INFINITE_RECURSION = YES;
				CLANG_WARN_INT_CONVERSION = YES;
				CLANG_WARN_OBJC_ROOT_CLASS = YES_ERROR;
				CLANG_WARN_SUSPICIOUS_MOVE = YES;
				CLANG_WARN_UNREACHABLE_CODE = YES;
				CLANG_WARN__DUPLICATE_METHOD_MATCH = YES;
				"CODE_SIGN_IDENTITY[sdk=iphoneos*]" = "iPhone Developer";
				COPY_PHASE_STRIP = NO;
				CURRENT_PROJECT_VERSION = 1;
				DEBUG_INFORMATION_FORMAT = dwarf;
				ENABLE_STRICT_OBJC_MSGSEND = YES;
				ENABLE_TESTABILITY = YES;
				GCC_C_LANGUAGE_STANDARD = gnu99;
				GCC_DYNAMIC_NO_PIC = NO;
				GCC_NO_COMMON_BLOCKS = YES;
				GCC_OPTIMIZATION_LEVEL = 0;
				GCC_PREPROCESSOR_DEFINITIONS = (
					"DEBUG=1",
					"$(inherited)",
				);
				GCC_WARN_64_TO_32_BIT_CONVERSION = YES;
				GCC_WARN_ABOUT_RETURN_TYPE = YES_ERROR;
				GCC_WARN_UNDECLARED_SELECTOR = YES;
				GCC_WARN_UNINITIALIZED_AUTOS = YES_AGGRESSIVE;
				GCC_WARN_UNUSED_FUNCTION = YES;
				GCC_WARN_UNUSED_VARIABLE = YES;
				IPHONEOS_DEPLOYMENT_TARGET = 10.2;
				MTL_ENABLE_DEBUG_INFO = YES;
				ONLY_ACTIVE_ARCH = YES;
				SDKROOT = iphoneos;
				SWIFT_ACTIVE_COMPILATION_CONDITIONS = DEBUG;
				SWIFT_OPTIMIZATION_LEVEL = "-Onone";
				VERSIONING_SYSTEM = "apple-generic";
			};
			name = Debug;
		};
		A30D63FF1E0D717E00A3CE45 /* Release */ = {
			isa = XCBuildConfiguration;
			buildSettings = {
				ALWAYS_SEARCH_USER_PATHS = NO;
				CLANG_ANALYZER_NONNULL = YES;
				CLANG_CXX_LANGUAGE_STANDARD = "gnu++0x";
				CLANG_CXX_LIBRARY = "libc++";
				CLANG_ENABLE_MODULES = YES;
				CLANG_ENABLE_OBJC_ARC = YES;
				CLANG_WARN_BOOL_CONVERSION = YES;
				CLANG_WARN_CONSTANT_CONVERSION = YES;
				CLANG_WARN_DIRECT_OBJC_ISA_USAGE = YES_ERROR;
				CLANG_WARN_DOCUMENTATION_COMMENTS = YES;
				CLANG_WARN_EMPTY_BODY = YES;
				CLANG_WARN_ENUM_CONVERSION = YES;
				CLANG_WARN_INFINITE_RECURSION = YES;
				CLANG_WARN_INT_CONVERSION = YES;
				CLANG_WARN_OBJC_ROOT_CLASS = YES_ERROR;
				CLANG_WARN_SUSPICIOUS_MOVE = YES;
				CLANG_WARN_UNREACHABLE_CODE = YES;
				CLANG_WARN__DUPLICATE_METHOD_MATCH = YES;
				"CODE_SIGN_IDENTITY[sdk=iphoneos*]" = "iPhone Developer";
				COPY_PHASE_STRIP = NO;
				CURRENT_PROJECT_VERSION = 1;
				DEBUG_INFORMATION_FORMAT = "dwarf-with-dsym";
				ENABLE_NS_ASSERTIONS = NO;
				ENABLE_STRICT_OBJC_MSGSEND = YES;
				GCC_C_LANGUAGE_STANDARD = gnu99;
				GCC_NO_COMMON_BLOCKS = YES;
				GCC_WARN_64_TO_32_BIT_CONVERSION = YES;
				GCC_WARN_ABOUT_RETURN_TYPE = YES_ERROR;
				GCC_WARN_UNDECLARED_SELECTOR = YES;
				GCC_WARN_UNINITIALIZED_AUTOS = YES_AGGRESSIVE;
				GCC_WARN_UNUSED_FUNCTION = YES;
				GCC_WARN_UNUSED_VARIABLE = YES;
				IPHONEOS_DEPLOYMENT_TARGET = 10.2;
				MTL_ENABLE_DEBUG_INFO = NO;
				SDKROOT = iphoneos;
				SWIFT_OPTIMIZATION_LEVEL = "-Owholemodule";
				VALIDATE_PRODUCT = YES;
				VERSIONING_SYSTEM = "apple-generic";
			};
			name = Release;
		};
		A30D64011E0D717E00A3CE45 /* Debug */ = {
			isa = XCBuildConfiguration;
			baseConfigurationReference = 444C2E3A94BE72ECE95421F5 /* Pods-Samples-DGCollectionViewGridLayoutSample-iOS.debug.xcconfig */;
			buildSettings = {
				ASSETCATALOG_COMPILER_APPICON_NAME = AppIcon;
				"CODE_SIGN_IDENTITY[sdk=iphoneos*]" = "iPhone Developer";
				DEVELOPMENT_TEAM = 582762VK3P;
				INFOPLIST_FILE = "DGCollectionViewGridLayoutSample-iOS/Info.plist";
				IPHONEOS_DEPLOYMENT_TARGET = 8.0;
				LD_RUNPATH_SEARCH_PATHS = "$(inherited) @executable_path/Frameworks";
				PRODUCT_BUNDLE_IDENTIFIER = "com.digipolitan.DGCollectionViewGridLayoutSample-iOS";
				PRODUCT_NAME = "$(TARGET_NAME)";
				SWIFT_VERSION = 3.0;
			};
			name = Debug;
		};
		A30D64021E0D717E00A3CE45 /* Release */ = {
			isa = XCBuildConfiguration;
			baseConfigurationReference = 437CB24F88DE489FD8141488 /* Pods-Samples-DGCollectionViewGridLayoutSample-iOS.release.xcconfig */;
			buildSettings = {
				ASSETCATALOG_COMPILER_APPICON_NAME = AppIcon;
				"CODE_SIGN_IDENTITY[sdk=iphoneos*]" = "iPhone Developer";
				DEVELOPMENT_TEAM = 582762VK3P;
				INFOPLIST_FILE = "DGCollectionViewGridLayoutSample-iOS/Info.plist";
				IPHONEOS_DEPLOYMENT_TARGET = 8.0;
				LD_RUNPATH_SEARCH_PATHS = "$(inherited) @executable_path/Frameworks";
				PRODUCT_BUNDLE_IDENTIFIER = "com.digipolitan.DGCollectionViewGridLayoutSample-iOS";
				PRODUCT_NAME = "$(TARGET_NAME)";
				SWIFT_VERSION = 3.0;
			};
			name = Release;
		};
/* End XCBuildConfiguration section */

/* Begin XCConfigurationList section */
		A30D63E91E0D717E00A3CE45 /* Build configuration list for PBXProject "DGCollectionViewGridLayoutSample-iOS" */ = {
			isa = XCConfigurationList;
			buildConfigurations = (
				A30D63FE1E0D717E00A3CE45 /* Debug */,
				A30D63FF1E0D717E00A3CE45 /* Release */,
			);
			defaultConfigurationIsVisible = 0;
			defaultConfigurationName = Release;
		};
		A30D64001E0D717E00A3CE45 /* Build configuration list for PBXNativeTarget "DGCollectionViewGridLayoutSample-iOS" */ = {
			isa = XCConfigurationList;
			buildConfigurations = (
				A30D64011E0D717E00A3CE45 /* Debug */,
				A30D64021E0D717E00A3CE45 /* Release */,
			);
			defaultConfigurationIsVisible = 0;
			defaultConfigurationName = Release;
		};
/* End XCConfigurationList section */
	};
	rootObject = A30D63E61E0D717E00A3CE45 /* Project object */;
}
